// !$*UTF8*$!
{
	archiveVersion = 1;
	classes = {
	};
	objectVersion = 77;
	objects = {

/* Begin PBXBuildFile section */
		1A72A43E4521B95903ABCDC8 /* ShiftState.swift in Sources */ = {isa = PBXBuildFile; fileRef = D057392FAE1FB1E1A6054CBC /* ShiftState.swift */; };
		26EBE949FDEF5B6402B18022 /* Idempotency.swift in Sources */ = {isa = PBXBuildFile; fileRef = 60A42B0C523C26B2838A31F1 /* Idempotency.swift */; };
		36690169BA990A90FDB6902C /* AdminTabView.swift in Sources */ = {isa = PBXBuildFile; fileRef = 5D218B3B71C05D761E9AA7D2 /* AdminTabView.swift */; };
		46FCF2903303254402D0ED1F /* LoginView.swift in Sources */ = {isa = PBXBuildFile; fileRef = 3C2903370FFC982E51EE8193 /* LoginView.swift */; };
		64CFDB49BE69B1D5E0158C22 /* DashboardView.swift in Sources */ = {isa = PBXBuildFile; fileRef = 2CA61B21E4940EA4AB5D8F41 /* DashboardView.swift */; };
		69A54FE6691CCC347D0048F9 /* AuthService.swift in Sources */ = {isa = PBXBuildFile; fileRef = F8161482E10E858964139420 /* AuthService.swift */; };
		6E56FCC5B1DEEE03DDA8128C /* AWSCognitoAuthPlugin in Frameworks */ = {isa = PBXBuildFile; productRef = FF55800D5667D1D349D4806E /* AWSCognitoAuthPlugin */; };
		71794A436CD3AC9E359C7651 /* ShiftService.swift in Sources */ = {isa = PBXBuildFile; fileRef = 6EB50E0D8FFB75CE051B3B02 /* ShiftService.swift */; };
		72BC1AC7091AE4C4D304EFC2 /* AmplifyModels.swift in Sources */ = {isa = PBXBuildFile; fileRef = 9063DA7E8787B31B44E8FD4A /* AmplifyModels.swift */; };
		7F8764C2934C681FB3379560 /* AWSAPIPlugin in Frameworks */ = {isa = PBXBuildFile; productRef = B38CBD1970A3CEFB5D934B9B /* AWSAPIPlugin */; };
		80EE70BD23BEBDB6FF1AD2B8 /* AWSDataStorePlugin in Frameworks */ = {isa = PBXBuildFile; productRef = 7478EDA993BA34863A02D15F /* AWSDataStorePlugin */; };
		8171EEFCAA7316F4B761EDBF /* AppMain.swift in Sources */ = {isa = PBXBuildFile; fileRef = C03B89A6D01BACBBDB6CE786 /* AppMain.swift */; };
		8982311955B51A933C62123C /* User+Schema.swift in Sources */ = {isa = PBXBuildFile; fileRef = 00B9E13A2CB174958F5F0BDD /* User+Schema.swift */; };
		8985C232E39F3590D42BDE98 /* Shift+Schema.swift in Sources */ = {isa = PBXBuildFile; fileRef = 3AEA2929052E801C9B53A9EE /* Shift+Schema.swift */; };
		8CCC95A9368291CF07C4E6CE /* BusinessTabView.swift in Sources */ = {isa = PBXBuildFile; fileRef = 4829FCF0037282825DAE37FA /* BusinessTabView.swift */; };
		9934580722E193583BE20A6A /* SessionStore.swift in Sources */ = {isa = PBXBuildFile; fileRef = 087AC5474F0739B53A8B3A54 /* SessionStore.swift */; };
		99F7E936DE3543F4DFF33BC7 /* UserManagementViewModel.swift in Sources */ = {isa = PBXBuildFile; fileRef = 2B2832F3245B3AE4EACF492B /* UserManagementViewModel.swift */; };
		9CCAA0593F172CF87B58C7ED /* Shift.swift in Sources */ = {isa = PBXBuildFile; fileRef = 2B0C9A4EF9F6DF654F5037C7 /* Shift.swift */; };
		B77D31572E380D71F1256EA7 /* WorkerTabView.swift in Sources */ = {isa = PBXBuildFile; fileRef = 49E64FBF10BF8B5F923BE009 /* WorkerTabView.swift */; };
		CD0308D7F16294345C9560A8 /* User.swift in Sources */ = {isa = PBXBuildFile; fileRef = B0C6EDCE6FEA0E02621A7011 /* User.swift */; };
		CFC7BDF5FE998B559FCF83CD /* amplifyconfiguration.json in Resources */ = {isa = PBXBuildFile; fileRef = F4EF15295820C949755AA08B /* amplifyconfiguration.json */; };
		D5FF4DDEDB18194D50EC456A /* APIClient.swift in Sources */ = {isa = PBXBuildFile; fileRef = D25BBCCF8CAEAB41DE2EE5E0 /* APIClient.swift */; };
		EBF3BB627601962B845DDF34 /* GuardAppTests.swift in Sources */ = {isa = PBXBuildFile; fileRef = 3D07CAD7FD66D6D8D8C9A3D1 /* GuardAppTests.swift */; };
		EEB9E0E0D89021F97FFC946F /* Amplify in Frameworks */ = {isa = PBXBuildFile; productRef = 549D380BDEA2E64182C3DB3E /* Amplify */; };
		EF531944E750B488E31F09F3 /* Formatters.swift in Sources */ = {isa = PBXBuildFile; fileRef = CEA43E004B6B850E10672D30 /* Formatters.swift */; };
		F69A8AF5820A16F82786B11C /* Role.swift in Sources */ = {isa = PBXBuildFile; fileRef = E00074DE08662D0C68B1B74F /* Role.swift */; };
		F788F5DFE694B8A245BD45F4 /* Models.swift in Sources */ = {isa = PBXBuildFile; fileRef = 2C5B6C2383B15C30B30B9620 /* Models.swift */; };
		FEDCB4558CFA5B1D76FC49D7 /* aws-exports.js in Resources */ = {isa = PBXBuildFile; fileRef = 3A3438751A5471F948E5560F /* aws-exports.js */; };
/* End PBXBuildFile section */

/* Begin PBXContainerItemProxy section */
		EF41D10001E1D94D16CF9273 /* PBXContainerItemProxy */ = {
			isa = PBXContainerItemProxy;
			containerPortal = 2357BA778C18A77E20809B4B /* Project object */;
			proxyType = 1;
			remoteGlobalIDString = 11437DB619E55C99B8B5DE1B;
			remoteInfo = GuardApp;
		};
/* End PBXContainerItemProxy section */

/* Begin PBXFileReference section */
		00B9E13A2CB174958F5F0BDD /* User+Schema.swift */ = {isa = PBXFileReference; lastKnownFileType = sourcecode.swift; path = "User+Schema.swift"; sourceTree = "<group>"; };
		04073DC86A4C67DDED612E9D /* .eslintignore */ = {isa = PBXFileReference; path = .eslintignore; sourceTree = "<group>"; };
		087AC5474F0739B53A8B3A54 /* SessionStore.swift */ = {isa = PBXFileReference; lastKnownFileType = sourcecode.swift; path = SessionStore.swift; sourceTree = "<group>"; };
		2B0C9A4EF9F6DF654F5037C7 /* Shift.swift */ = {isa = PBXFileReference; lastKnownFileType = sourcecode.swift; path = Shift.swift; sourceTree = "<group>"; };
		2B2832F3245B3AE4EACF492B /* UserManagementViewModel.swift */ = {isa = PBXFileReference; lastKnownFileType = sourcecode.swift; path = UserManagementViewModel.swift; sourceTree = "<group>"; };
		2C5B6C2383B15C30B30B9620 /* Models.swift */ = {isa = PBXFileReference; lastKnownFileType = sourcecode.swift; path = Models.swift; sourceTree = "<group>"; };
		2CA61B21E4940EA4AB5D8F41 /* DashboardView.swift */ = {isa = PBXFileReference; lastKnownFileType = sourcecode.swift; path = DashboardView.swift; sourceTree = "<group>"; };
		3A3438751A5471F948E5560F /* aws-exports.js */ = {isa = PBXFileReference; lastKnownFileType = sourcecode.javascript; path = "aws-exports.js"; sourceTree = "<group>"; };
		3AEA2929052E801C9B53A9EE /* Shift+Schema.swift */ = {isa = PBXFileReference; lastKnownFileType = sourcecode.swift; path = "Shift+Schema.swift"; sourceTree = "<group>"; };
		3C2903370FFC982E51EE8193 /* LoginView.swift */ = {isa = PBXFileReference; lastKnownFileType = sourcecode.swift; path = LoginView.swift; sourceTree = "<group>"; };
		3D07CAD7FD66D6D8D8C9A3D1 /* GuardAppTests.swift */ = {isa = PBXFileReference; lastKnownFileType = sourcecode.swift; path = GuardAppTests.swift; sourceTree = "<group>"; };
		4829FCF0037282825DAE37FA /* BusinessTabView.swift */ = {isa = PBXFileReference; lastKnownFileType = sourcecode.swift; path = BusinessTabView.swift; sourceTree = "<group>"; };
		49E64FBF10BF8B5F923BE009 /* WorkerTabView.swift */ = {isa = PBXFileReference; lastKnownFileType = sourcecode.swift; path = WorkerTabView.swift; sourceTree = "<group>"; };
		56EEE683DE8A6327BE090645 /* GuardApp.app */ = {isa = PBXFileReference; includeInIndex = 0; lastKnownFileType = wrapper.application; path = GuardApp.app; sourceTree = BUILT_PRODUCTS_DIR; };
		5D218B3B71C05D761E9AA7D2 /* AdminTabView.swift */ = {isa = PBXFileReference; lastKnownFileType = sourcecode.swift; path = AdminTabView.swift; sourceTree = "<group>"; };
		60A42B0C523C26B2838A31F1 /* Idempotency.swift */ = {isa = PBXFileReference; lastKnownFileType = sourcecode.swift; path = Idempotency.swift; sourceTree = "<group>"; };
		6EB50E0D8FFB75CE051B3B02 /* ShiftService.swift */ = {isa = PBXFileReference; lastKnownFileType = sourcecode.swift; path = ShiftService.swift; sourceTree = "<group>"; };
		9063DA7E8787B31B44E8FD4A /* AmplifyModels.swift */ = {isa = PBXFileReference; lastKnownFileType = sourcecode.swift; path = AmplifyModels.swift; sourceTree = "<group>"; };
		9A3D234CE9C2C560107880D5 /* GuardAppTests.xctest */ = {isa = PBXFileReference; includeInIndex = 0; lastKnownFileType = wrapper.cfbundle; path = GuardAppTests.xctest; sourceTree = BUILT_PRODUCTS_DIR; };
		B0C6EDCE6FEA0E02621A7011 /* User.swift */ = {isa = PBXFileReference; lastKnownFileType = sourcecode.swift; path = User.swift; sourceTree = "<group>"; };
		C03B89A6D01BACBBDB6CE786 /* AppMain.swift */ = {isa = PBXFileReference; lastKnownFileType = sourcecode.swift; path = AppMain.swift; sourceTree = "<group>"; };
		CEA43E004B6B850E10672D30 /* Formatters.swift */ = {isa = PBXFileReference; lastKnownFileType = sourcecode.swift; path = Formatters.swift; sourceTree = "<group>"; };
		D057392FAE1FB1E1A6054CBC /* ShiftState.swift */ = {isa = PBXFileReference; lastKnownFileType = sourcecode.swift; path = ShiftState.swift; sourceTree = "<group>"; };
		D25BBCCF8CAEAB41DE2EE5E0 /* APIClient.swift */ = {isa = PBXFileReference; lastKnownFileType = sourcecode.swift; path = APIClient.swift; sourceTree = "<group>"; };
		E00074DE08662D0C68B1B74F /* Role.swift */ = {isa = PBXFileReference; lastKnownFileType = sourcecode.swift; path = Role.swift; sourceTree = "<group>"; };
		F4EF15295820C949755AA08B /* amplifyconfiguration.json */ = {isa = PBXFileReference; lastKnownFileType = text.json; path = amplifyconfiguration.json; sourceTree = "<group>"; };
		F8161482E10E858964139420 /* AuthService.swift */ = {isa = PBXFileReference; lastKnownFileType = sourcecode.swift; path = AuthService.swift; sourceTree = "<group>"; };
		F9874E79C8B9BB927EBEB214 /* .gitignore */ = {isa = PBXFileReference; path = .gitignore; sourceTree = "<group>"; };
/* End PBXFileReference section */

/* Begin PBXFrameworksBuildPhase section */
		75A088D3AC4A9B9EF57340BA /* Frameworks */ = {
			isa = PBXFrameworksBuildPhase;
			buildActionMask = 2147483647;
			files = (
				EEB9E0E0D89021F97FFC946F /* Amplify in Frameworks */,
				6E56FCC5B1DEEE03DDA8128C /* AWSCognitoAuthPlugin in Frameworks */,
				7F8764C2934C681FB3379560 /* AWSAPIPlugin in Frameworks */,
				80EE70BD23BEBDB6FF1AD2B8 /* AWSDataStorePlugin in Frameworks */,
			);
			runOnlyForDeploymentPostprocessing = 0;
		};
/* End PBXFrameworksBuildPhase section */

/* Begin PBXGroup section */
		1CA4265F29D0D27D0106EDF9 /* Sources */ = {
			isa = PBXGroup;
			children = (
				2CA723B8B69EE0AD20692D50 /* GuardApp */,
			);
			path = Sources;
			sourceTree = "<group>";
		};
		2CA723B8B69EE0AD20692D50 /* GuardApp */ = {
			isa = PBXGroup;
			children = (
				04073DC86A4C67DDED612E9D /* .eslintignore */,
				F9874E79C8B9BB927EBEB214 /* .gitignore */,
				94549D619CA707B44E78184D /* App */,
				C342FBABE43FED04A464C891 /* Models */,
				9840000E1CB2E500D0E07470 /* Services */,
				745E2F2F55A76024173ADFF8 /* src */,
				E9559A5CCE94BB756E08352D /* Utils */,
				F5701DC6BABC27C65665CBB7 /* Views */,
			);
			path = GuardApp;
			sourceTree = "<group>";
		};
		3921456522127C09E70D7B41 /* Admin */ = {
			isa = PBXGroup;
			children = (
				5D218B3B71C05D761E9AA7D2 /* AdminTabView.swift */,
				2B2832F3245B3AE4EACF492B /* UserManagementViewModel.swift */,
			);
			path = Admin;
			sourceTree = "<group>";
		};
		410FA6829EC3EBAEE3DB6B04 /* Products */ = {
			isa = PBXGroup;
			children = (
				56EEE683DE8A6327BE090645 /* GuardApp.app */,
				9A3D234CE9C2C560107880D5 /* GuardAppTests.xctest */,
			);
			name = Products;
			sourceTree = "<group>";
		};
		683AA667833533403710B064 /* Auth */ = {
			isa = PBXGroup;
			children = (
				F8161482E10E858964139420 /* AuthService.swift */,
			);
			path = Auth;
			sourceTree = "<group>";
		};
		745E2F2F55A76024173ADFF8 /* src */ = {
			isa = PBXGroup;
			children = (
				F4EF15295820C949755AA08B /* amplifyconfiguration.json */,
				3A3438751A5471F948E5560F /* aws-exports.js */,
				C75A9AE161053ACF006C6C4A /* models */,
			);
			path = src;
			sourceTree = "<group>";
		};
		823C4BC6FB3CAF1C5A47BE35 /* Worker */ = {
			isa = PBXGroup;
			children = (
				49E64FBF10BF8B5F923BE009 /* WorkerTabView.swift */,
			);
			path = Worker;
			sourceTree = "<group>";
		};
		94549D619CA707B44E78184D /* App */ = {
			isa = PBXGroup;
			children = (
				C03B89A6D01BACBBDB6CE786 /* AppMain.swift */,
				087AC5474F0739B53A8B3A54 /* SessionStore.swift */,
			);
			path = App;
			sourceTree = "<group>";
		};
		9840000E1CB2E500D0E07470 /* Services */ = {
			isa = PBXGroup;
			children = (
				683AA667833533403710B064 /* Auth */,
				FD07E8D39356271DEBC9DBCE /* Networking */,
			);
			path = Services;
			sourceTree = "<group>";
		};
		C342FBABE43FED04A464C891 /* Models */ = {
			isa = PBXGroup;
			children = (
				2C5B6C2383B15C30B30B9620 /* Models.swift */,
			);
			path = Models;
			sourceTree = "<group>";
		};
		C434557140A1EB243144565D /* GuardAppTests */ = {
			isa = PBXGroup;
			children = (
				3D07CAD7FD66D6D8D8C9A3D1 /* GuardAppTests.swift */,
			);
			name = GuardAppTests;
			path = Tests/GuardAppTests;
			sourceTree = "<group>";
		};
		C75A9AE161053ACF006C6C4A /* models */ = {
			isa = PBXGroup;
			children = (
				9063DA7E8787B31B44E8FD4A /* AmplifyModels.swift */,
				E00074DE08662D0C68B1B74F /* Role.swift */,
				2B0C9A4EF9F6DF654F5037C7 /* Shift.swift */,
				3AEA2929052E801C9B53A9EE /* Shift+Schema.swift */,
				D057392FAE1FB1E1A6054CBC /* ShiftState.swift */,
				B0C6EDCE6FEA0E02621A7011 /* User.swift */,
				00B9E13A2CB174958F5F0BDD /* User+Schema.swift */,
			);
			path = models;
			sourceTree = "<group>";
		};
		DF2C7BBCDFBF667B8FA1E22D = {
			isa = PBXGroup;
			children = (
				C434557140A1EB243144565D /* GuardAppTests */,
				1CA4265F29D0D27D0106EDF9 /* Sources */,
				410FA6829EC3EBAEE3DB6B04 /* Products */,
			);
			sourceTree = "<group>";
		};
		E05BF11D0003346C4EDDEFBC /* Business */ = {
			isa = PBXGroup;
			children = (
				4829FCF0037282825DAE37FA /* BusinessTabView.swift */,
			);
			path = Business;
			sourceTree = "<group>";
		};
		E9559A5CCE94BB756E08352D /* Utils */ = {
			isa = PBXGroup;
			children = (
				CEA43E004B6B850E10672D30 /* Formatters.swift */,
				60A42B0C523C26B2838A31F1 /* Idempotency.swift */,
			);
			path = Utils;
			sourceTree = "<group>";
		};
		F5701DC6BABC27C65665CBB7 /* Views */ = {
			isa = PBXGroup;
			children = (
				2CA61B21E4940EA4AB5D8F41 /* DashboardView.swift */,
				3C2903370FFC982E51EE8193 /* LoginView.swift */,
				3921456522127C09E70D7B41 /* Admin */,
				E05BF11D0003346C4EDDEFBC /* Business */,
				823C4BC6FB3CAF1C5A47BE35 /* Worker */,
			);
			path = Views;
			sourceTree = "<group>";
		};
		FD07E8D39356271DEBC9DBCE /* Networking */ = {
			isa = PBXGroup;
			children = (
				D25BBCCF8CAEAB41DE2EE5E0 /* APIClient.swift */,
				6EB50E0D8FFB75CE051B3B02 /* ShiftService.swift */,
			);
			path = Networking;
			sourceTree = "<group>";
		};
/* End PBXGroup section */

/* Begin PBXNativeTarget section */
		0AA36AA961F7C00A20AFD116 /* GuardAppTests */ = {
			isa = PBXNativeTarget;
			buildConfigurationList = F8748E55626F0A5F4003FCE8 /* Build configuration list for PBXNativeTarget "GuardAppTests" */;
			buildPhases = (
				9C4F06196669CE891F8C266F /* Sources */,
			);
			buildRules = (
			);
			dependencies = (
				DEE0B56BC4B2CB5D089A7F34 /* PBXTargetDependency */,
			);
			name = GuardAppTests;
			packageProductDependencies = (
			);
			productName = GuardAppTests;
			productReference = 9A3D234CE9C2C560107880D5 /* GuardAppTests.xctest */;
			productType = "com.apple.product-type.bundle.unit-test";
		};
		11437DB619E55C99B8B5DE1B /* GuardApp */ = {
			isa = PBXNativeTarget;
			buildConfigurationList = C6A41D0607E7D031D1B0F664 /* Build configuration list for PBXNativeTarget "GuardApp" */;
			buildPhases = (
				4BFB6F228A0106503F1BC161 /* Sources */,
				EEF18EC79C3E42DB3A43AAA9 /* Resources */,
				75A088D3AC4A9B9EF57340BA /* Frameworks */,
			);
			buildRules = (
			);
			dependencies = (
			);
			name = GuardApp;
			packageProductDependencies = (
				549D380BDEA2E64182C3DB3E /* Amplify */,
				FF55800D5667D1D349D4806E /* AWSCognitoAuthPlugin */,
				B38CBD1970A3CEFB5D934B9B /* AWSAPIPlugin */,
				7478EDA993BA34863A02D15F /* AWSDataStorePlugin */,
			);
			productName = GuardApp;
			productReference = 56EEE683DE8A6327BE090645 /* GuardApp.app */;
			productType = "com.apple.product-type.application";
		};
/* End PBXNativeTarget section */

/* Begin PBXProject section */
		2357BA778C18A77E20809B4B /* Project object */ = {
			isa = PBXProject;
			attributes = {
				BuildIndependentTargetsInParallel = YES;
				LastUpgradeCheck = 1430;
				TargetAttributes = {
					0AA36AA961F7C00A20AFD116 = {
						ProvisioningStyle = Automatic;
					};
					11437DB619E55C99B8B5DE1B = {
						ProvisioningStyle = Automatic;
					};
				};
			};
			buildConfigurationList = ECC291C246469B40D8F988C0 /* Build configuration list for PBXProject "GuardApp" */;
			compatibilityVersion = "Xcode 14.0";
			developmentRegion = en;
			hasScannedForEncodings = 0;
			knownRegions = (
				Base,
				en,
			);
			mainGroup = DF2C7BBCDFBF667B8FA1E22D;
			minimizedProjectReferenceProxies = 1;
			packageReferences = (
				0B5FEDD3C80AEBFEDC8D28B9 /* XCRemoteSwiftPackageReference "amplify-swift" */,
				6595AF85F3A38C6CD8FD7A2F /* XCRemoteSwiftPackageReference "amplify-swift" */,
				D394BA00D691C1901E0D7974 /* XCRemoteSwiftPackageReference "amplify-swift" */,
				70A64633FED2000457A93DE0 /* XCRemoteSwiftPackageReference "amplify-swift" */,
			);
			preferredProjectObjectVersion = 77;
			projectDirPath = "";
			projectRoot = "";
			targets = (
				11437DB619E55C99B8B5DE1B /* GuardApp */,
				0AA36AA961F7C00A20AFD116 /* GuardAppTests */,
			);
		};
/* End PBXProject section */

/* Begin PBXResourcesBuildPhase section */
		EEF18EC79C3E42DB3A43AAA9 /* Resources */ = {
			isa = PBXResourcesBuildPhase;
			buildActionMask = 2147483647;
			files = (
				CFC7BDF5FE998B559FCF83CD /* amplifyconfiguration.json in Resources */,
				FEDCB4558CFA5B1D76FC49D7 /* aws-exports.js in Resources */,
			);
			runOnlyForDeploymentPostprocessing = 0;
		};
/* End PBXResourcesBuildPhase section */

/* Begin PBXSourcesBuildPhase section */
		4BFB6F228A0106503F1BC161 /* Sources */ = {
			isa = PBXSourcesBuildPhase;
			buildActionMask = 2147483647;
			files = (
				D5FF4DDEDB18194D50EC456A /* APIClient.swift in Sources */,
				36690169BA990A90FDB6902C /* AdminTabView.swift in Sources */,
				72BC1AC7091AE4C4D304EFC2 /* AmplifyModels.swift in Sources */,
				8171EEFCAA7316F4B761EDBF /* AppMain.swift in Sources */,
				69A54FE6691CCC347D0048F9 /* AuthService.swift in Sources */,
				8CCC95A9368291CF07C4E6CE /* BusinessTabView.swift in Sources */,
				64CFDB49BE69B1D5E0158C22 /* DashboardView.swift in Sources */,
				EF531944E750B488E31F09F3 /* Formatters.swift in Sources */,
				26EBE949FDEF5B6402B18022 /* Idempotency.swift in Sources */,
				46FCF2903303254402D0ED1F /* LoginView.swift in Sources */,
				F788F5DFE694B8A245BD45F4 /* Models.swift in Sources */,
				F69A8AF5820A16F82786B11C /* Role.swift in Sources */,
				9934580722E193583BE20A6A /* SessionStore.swift in Sources */,
				8985C232E39F3590D42BDE98 /* Shift+Schema.swift in Sources */,
				9CCAA0593F172CF87B58C7ED /* Shift.swift in Sources */,
				71794A436CD3AC9E359C7651 /* ShiftService.swift in Sources */,
				1A72A43E4521B95903ABCDC8 /* ShiftState.swift in Sources */,
				8982311955B51A933C62123C /* User+Schema.swift in Sources */,
				CD0308D7F16294345C9560A8 /* User.swift in Sources */,
				99F7E936DE3543F4DFF33BC7 /* UserManagementViewModel.swift in Sources */,
				B77D31572E380D71F1256EA7 /* WorkerTabView.swift in Sources */,
			);
			runOnlyForDeploymentPostprocessing = 0;
		};
		9C4F06196669CE891F8C266F /* Sources */ = {
			isa = PBXSourcesBuildPhase;
			buildActionMask = 2147483647;
			files = (
				EBF3BB627601962B845DDF34 /* GuardAppTests.swift in Sources */,
			);
			runOnlyForDeploymentPostprocessing = 0;
		};
/* End PBXSourcesBuildPhase section */

/* Begin PBXTargetDependency section */
		DEE0B56BC4B2CB5D089A7F34 /* PBXTargetDependency */ = {
			isa = PBXTargetDependency;
			target = 11437DB619E55C99B8B5DE1B /* GuardApp */;
			targetProxy = EF41D10001E1D94D16CF9273 /* PBXContainerItemProxy */;
		};
/* End PBXTargetDependency section */

/* Begin XCBuildConfiguration section */
		11AD1960616202F592DCE561 /* Staging */ = {
			isa = XCBuildConfiguration;
			buildSettings = {
				ALWAYS_SEARCH_USER_PATHS = NO;
				CLANG_ANALYZER_NONNULL = YES;
				CLANG_ANALYZER_NUMBER_OBJECT_CONVERSION = YES_AGGRESSIVE;
				CLANG_CXX_LANGUAGE_STANDARD = "gnu++14";
				CLANG_CXX_LIBRARY = "libc++";
				CLANG_ENABLE_MODULES = YES;
				CLANG_ENABLE_OBJC_ARC = YES;
				CLANG_ENABLE_OBJC_WEAK = YES;
				CLANG_WARN_BLOCK_CAPTURE_AUTORELEASING = YES;
				CLANG_WARN_BOOL_CONVERSION = YES;
				CLANG_WARN_COMMA = YES;
				CLANG_WARN_CONSTANT_CONVERSION = YES;
				CLANG_WARN_DEPRECATED_OBJC_IMPLEMENTATIONS = YES;
				CLANG_WARN_DIRECT_OBJC_ISA_USAGE = YES_ERROR;
				CLANG_WARN_DOCUMENTATION_COMMENTS = YES;
				CLANG_WARN_EMPTY_BODY = YES;
				CLANG_WARN_ENUM_CONVERSION = YES;
				CLANG_WARN_INFINITE_RECURSION = YES;
				CLANG_WARN_INT_CONVERSION = YES;
				CLANG_WARN_NON_LITERAL_NULL_CONVERSION = YES;
				CLANG_WARN_OBJC_IMPLICIT_RETAIN_SELF = YES;
				CLANG_WARN_OBJC_LITERAL_CONVERSION = YES;
				CLANG_WARN_OBJC_ROOT_CLASS = YES_ERROR;
				CLANG_WARN_QUOTED_INCLUDE_IN_FRAMEWORK_HEADER = YES;
				CLANG_WARN_RANGE_LOOP_ANALYSIS = YES;
				CLANG_WARN_STRICT_PROTOTYPES = YES;
				CLANG_WARN_SUSPICIOUS_MOVE = YES;
				CLANG_WARN_UNGUARDED_AVAILABILITY = YES_AGGRESSIVE;
				CLANG_WARN_UNREACHABLE_CODE = YES;
				CLANG_WARN__DUPLICATE_METHOD_MATCH = YES;
				CODE_SIGN_STYLE = Automatic;
				COPY_PHASE_STRIP = NO;
				CURRENT_PROJECT_VERSION = 1;
				DEBUG_INFORMATION_FORMAT = dwarf;
				ENABLE_STRICT_OBJC_MSGSEND = YES;
				ENABLE_TESTABILITY = YES;
				GCC_C_LANGUAGE_STANDARD = gnu11;
				GCC_DYNAMIC_NO_PIC = NO;
				GCC_NO_COMMON_BLOCKS = YES;
				GCC_OPTIMIZATION_LEVEL = 0;
				GCC_PREPROCESSOR_DEFINITIONS = (
					"$(inherited)",
					"DEBUG=1",
				);
				GCC_WARN_64_TO_32_BIT_CONVERSION = YES;
				GCC_WARN_ABOUT_RETURN_TYPE = YES_ERROR;
				GCC_WARN_UNDECLARED_SELECTOR = YES;
				GCC_WARN_UNINITIALIZED_AUTOS = YES_AGGRESSIVE;
				GCC_WARN_UNUSED_FUNCTION = YES;
				GCC_WARN_UNUSED_VARIABLE = YES;
				GENERATE_INFOPLIST_FILE = YES;
				IPHONEOS_DEPLOYMENT_TARGET = 16.0;
				MARKETING_VERSION = 0.1.0;
				MTL_ENABLE_DEBUG_INFO = INCLUDE_SOURCE;
				MTL_FAST_MATH = YES;
				ONLY_ACTIVE_ARCH = YES;
				PRODUCT_BUNDLE_IDENTIFIER = com.mummysboy.GuardApp;
				PRODUCT_NAME = "$(TARGET_NAME)";
				SDKROOT = iphoneos;
				SWIFT_ACTIVE_COMPILATION_CONDITIONS = DEBUG;
				SWIFT_OPTIMIZATION_LEVEL = "-Onone";
				SWIFT_VERSION = 5.1;
			};
			name = Staging;
		};
		424CE1DAE935C1ECCD18BC5A /* Staging */ = {
			isa = XCBuildConfiguration;
			buildSettings = {
				BUNDLE_LOADER = "$(TEST_HOST)";
				LD_RUNPATH_SEARCH_PATHS = (
					"$(inherited)",
					"@executable_path/Frameworks",
					"@loader_path/Frameworks",
				);
				SDKROOT = iphoneos;
				TARGETED_DEVICE_FAMILY = "1,2";
				TEST_HOST = "$(BUILT_PRODUCTS_DIR)/GuardApp.app/GuardApp";
			};
			name = Staging;
		};
		5D27EBCFB471042658C05EF6 /* Release */ = {
			isa = XCBuildConfiguration;
			buildSettings = {
				ASSETCATALOG_COMPILER_APPICON_NAME = AppIcon;
				CODE_SIGN_IDENTITY = "iPhone Developer";
				INFOPLIST_KEY_CFBundleShortVersionString = "$(MARKETING_VERSION)";
				INFOPLIST_KEY_CFBundleVersion = "$(CURRENT_PROJECT_VERSION)";
				INFOPLIST_KEY_UIApplicationSceneManifest_Generation = YES;
				INFOPLIST_KEY_UISupportedInterfaceOrientations_iPhone = UIInterfaceOrientationPortrait;
				IPHONEOS_DEPLOYMENT_TARGET = 16.0;
				LD_RUNPATH_SEARCH_PATHS = (
					"$(inherited)",
					"@executable_path/Frameworks",
				);
				PRODUCT_BUNDLE_IDENTIFIER = com.mummysboy.GuardApp;
				SDKROOT = iphoneos;
				SUPPORTS_MAC_DESIGNED_FOR_IPHONE_IPAD = YES;
				SWIFT_SWIFT3_OBJC_INFERENCE = Default;
				TARGETED_DEVICE_FAMILY = "1,2";
			};
			name = Release;
		};
		79156E3514F57E0E333DCA00 /* Debug */ = {
			isa = XCBuildConfiguration;
			buildSettings = {
				ASSETCATALOG_COMPILER_APPICON_NAME = AppIcon;
				CODE_SIGN_IDENTITY = "iPhone Developer";
				GCC_PREPROCESSOR_DEFINITIONS = "DEBUG=1";
				INFOPLIST_KEY_CFBundleShortVersionString = "$(MARKETING_VERSION)";
				INFOPLIST_KEY_CFBundleVersion = "$(CURRENT_PROJECT_VERSION)";
				INFOPLIST_KEY_UIApplicationSceneManifest_Generation = YES;
				INFOPLIST_KEY_UISupportedInterfaceOrientations_iPhone = UIInterfaceOrientationPortrait;
				IPHONEOS_DEPLOYMENT_TARGET = 16.0;
				LD_RUNPATH_SEARCH_PATHS = (
					"$(inherited)",
					"@executable_path/Frameworks",
				);
				PRODUCT_BUNDLE_IDENTIFIER = com.mummysboy.GuardApp.debug;
				SDKROOT = iphoneos;
				SUPPORTS_MAC_DESIGNED_FOR_IPHONE_IPAD = YES;
				SWIFT_ACTIVE_COMPILATION_CONDITIONS = DEBUG;
				SWIFT_SWIFT3_OBJC_INFERENCE = Default;
				TARGETED_DEVICE_FAMILY = "1,2";
			};
			name = Debug;
		};
		94EB09E41107AAB9A6F1BF73 /* Release */ = {
			isa = XCBuildConfiguration;
			buildSettings = {
				BUNDLE_LOADER = "$(TEST_HOST)";
				LD_RUNPATH_SEARCH_PATHS = (
					"$(inherited)",
					"@executable_path/Frameworks",
					"@loader_path/Frameworks",
				);
				SDKROOT = iphoneos;
				TARGETED_DEVICE_FAMILY = "1,2";
				TEST_HOST = "$(BUILT_PRODUCTS_DIR)/GuardApp.app/GuardApp";
			};
			name = Release;
		};
		9A53D5201D7375A58492F42A /* Release */ = {
			isa = XCBuildConfiguration;
			buildSettings = {
				ALWAYS_SEARCH_USER_PATHS = NO;
				CLANG_ANALYZER_NONNULL = YES;
				CLANG_ANALYZER_NUMBER_OBJECT_CONVERSION = YES_AGGRESSIVE;
				CLANG_CXX_LANGUAGE_STANDARD = "gnu++14";
				CLANG_CXX_LIBRARY = "libc++";
				CLANG_ENABLE_MODULES = YES;
				CLANG_ENABLE_OBJC_ARC = YES;
				CLANG_ENABLE_OBJC_WEAK = YES;
				CLANG_WARN_BLOCK_CAPTURE_AUTORELEASING = YES;
				CLANG_WARN_BOOL_CONVERSION = YES;
				CLANG_WARN_COMMA = YES;
				CLANG_WARN_CONSTANT_CONVERSION = YES;
				CLANG_WARN_DEPRECATED_OBJC_IMPLEMENTATIONS = YES;
				CLANG_WARN_DIRECT_OBJC_ISA_USAGE = YES_ERROR;
				CLANG_WARN_DOCUMENTATION_COMMENTS = YES;
				CLANG_WARN_EMPTY_BODY = YES;
				CLANG_WARN_ENUM_CONVERSION = YES;
				CLANG_WARN_INFINITE_RECURSION = YES;
				CLANG_WARN_INT_CONVERSION = YES;
				CLANG_WARN_NON_LITERAL_NULL_CONVERSION = YES;
				CLANG_WARN_OBJC_IMPLICIT_RETAIN_SELF = YES;
				CLANG_WARN_OBJC_LITERAL_CONVERSION = YES;
				CLANG_WARN_OBJC_ROOT_CLASS = YES_ERROR;
				CLANG_WARN_QUOTED_INCLUDE_IN_FRAMEWORK_HEADER = YES;
				CLANG_WARN_RANGE_LOOP_ANALYSIS = YES;
				CLANG_WARN_STRICT_PROTOTYPES = YES;
				CLANG_WARN_SUSPICIOUS_MOVE = YES;
				CLANG_WARN_UNGUARDED_AVAILABILITY = YES_AGGRESSIVE;
				CLANG_WARN_UNREACHABLE_CODE = YES;
				CLANG_WARN__DUPLICATE_METHOD_MATCH = YES;
				CODE_SIGN_STYLE = Automatic;
				COPY_PHASE_STRIP = NO;
				CURRENT_PROJECT_VERSION = 1;
				DEBUG_INFORMATION_FORMAT = "dwarf-with-dsym";
				ENABLE_NS_ASSERTIONS = NO;
				ENABLE_STRICT_OBJC_MSGSEND = YES;
				GCC_C_LANGUAGE_STANDARD = gnu11;
				GCC_NO_COMMON_BLOCKS = YES;
				GCC_WARN_64_TO_32_BIT_CONVERSION = YES;
				GCC_WARN_ABOUT_RETURN_TYPE = YES_ERROR;
				GCC_WARN_UNDECLARED_SELECTOR = YES;
				GCC_WARN_UNINITIALIZED_AUTOS = YES_AGGRESSIVE;
				GCC_WARN_UNUSED_FUNCTION = YES;
				GCC_WARN_UNUSED_VARIABLE = YES;
				GENERATE_INFOPLIST_FILE = YES;
				IPHONEOS_DEPLOYMENT_TARGET = 16.0;
				MARKETING_VERSION = 0.1.0;
				MTL_ENABLE_DEBUG_INFO = NO;
				MTL_FAST_MATH = YES;
				PRODUCT_BUNDLE_IDENTIFIER = com.mummysboy.GuardApp;
				PRODUCT_NAME = "$(TARGET_NAME)";
				SDKROOT = iphoneos;
				SWIFT_COMPILATION_MODE = wholemodule;
				SWIFT_OPTIMIZATION_LEVEL = "-O";
				SWIFT_VERSION = 5.1;
			};
			name = Release;
		};
		DDC8B1CD7CDA2B27EE0E0FC2 /* Staging */ = {
			isa = XCBuildConfiguration;
			buildSettings = {
				ASSETCATALOG_COMPILER_APPICON_NAME = AppIcon;
				CODE_SIGN_IDENTITY = "iPhone Developer";
				INFOPLIST_KEY_CFBundleShortVersionString = "$(MARKETING_VERSION)";
				INFOPLIST_KEY_CFBundleVersion = "$(CURRENT_PROJECT_VERSION)";
				INFOPLIST_KEY_UIApplicationSceneManifest_Generation = YES;
				INFOPLIST_KEY_UISupportedInterfaceOrientations_iPhone = UIInterfaceOrientationPortrait;
				IPHONEOS_DEPLOYMENT_TARGET = 16.0;
				LD_RUNPATH_SEARCH_PATHS = (
					"$(inherited)",
					"@executable_path/Frameworks",
				);
				PRODUCT_BUNDLE_IDENTIFIER = com.mummysboy.GuardApp.staging;
				SDKROOT = iphoneos;
				SUPPORTS_MAC_DESIGNED_FOR_IPHONE_IPAD = YES;
				SWIFT_ACTIVE_COMPILATION_CONDITIONS = STAGING;
				SWIFT_SWIFT3_OBJC_INFERENCE = Default;
				TARGETED_DEVICE_FAMILY = "1,2";
			};
			name = Staging;
		};
		E8619627920EDBBE7414C270 /* Debug */ = {
			isa = XCBuildConfiguration;
			buildSettings = {
				ALWAYS_SEARCH_USER_PATHS = NO;
				CLANG_ANALYZER_NONNULL = YES;
				CLANG_ANALYZER_NUMBER_OBJECT_CONVERSION = YES_AGGRESSIVE;
				CLANG_CXX_LANGUAGE_STANDARD = "gnu++14";
				CLANG_CXX_LIBRARY = "libc++";
				CLANG_ENABLE_MODULES = YES;
				CLANG_ENABLE_OBJC_ARC = YES;
				CLANG_ENABLE_OBJC_WEAK = YES;
				CLANG_WARN_BLOCK_CAPTURE_AUTORELEASING = YES;
				CLANG_WARN_BOOL_CONVERSION = YES;
				CLANG_WARN_COMMA = YES;
				CLANG_WARN_CONSTANT_CONVERSION = YES;
				CLANG_WARN_DEPRECATED_OBJC_IMPLEMENTATIONS = YES;
				CLANG_WARN_DIRECT_OBJC_ISA_USAGE = YES_ERROR;
				CLANG_WARN_DOCUMENTATION_COMMENTS = YES;
				CLANG_WARN_EMPTY_BODY = YES;
				CLANG_WARN_ENUM_CONVERSION = YES;
				CLANG_WARN_INFINITE_RECURSION = YES;
				CLANG_WARN_INT_CONVERSION = YES;
				CLANG_WARN_NON_LITERAL_NULL_CONVERSION = YES;
				CLANG_WARN_OBJC_IMPLICIT_RETAIN_SELF = YES;
				CLANG_WARN_OBJC_LITERAL_CONVERSION = YES;
				CLANG_WARN_OBJC_ROOT_CLASS = YES_ERROR;
				CLANG_WARN_QUOTED_INCLUDE_IN_FRAMEWORK_HEADER = YES;
				CLANG_WARN_RANGE_LOOP_ANALYSIS = YES;
				CLANG_WARN_STRICT_PROTOTYPES = YES;
				CLANG_WARN_SUSPICIOUS_MOVE = YES;
				CLANG_WARN_UNGUARDED_AVAILABILITY = YES_AGGRESSIVE;
				CLANG_WARN_UNREACHABLE_CODE = YES;
				CLANG_WARN__DUPLICATE_METHOD_MATCH = YES;
				CODE_SIGN_STYLE = Automatic;
				COPY_PHASE_STRIP = NO;
				CURRENT_PROJECT_VERSION = 1;
				DEBUG_INFORMATION_FORMAT = dwarf;
				ENABLE_STRICT_OBJC_MSGSEND = YES;
				ENABLE_TESTABILITY = YES;
				GCC_C_LANGUAGE_STANDARD = gnu11;
				GCC_DYNAMIC_NO_PIC = NO;
				GCC_NO_COMMON_BLOCKS = YES;
				GCC_OPTIMIZATION_LEVEL = 0;
				GCC_PREPROCESSOR_DEFINITIONS = (
					"$(inherited)",
					"DEBUG=1",
				);
				GCC_WARN_64_TO_32_BIT_CONVERSION = YES;
				GCC_WARN_ABOUT_RETURN_TYPE = YES_ERROR;
				GCC_WARN_UNDECLARED_SELECTOR = YES;
				GCC_WARN_UNINITIALIZED_AUTOS = YES_AGGRESSIVE;
				GCC_WARN_UNUSED_FUNCTION = YES;
				GCC_WARN_UNUSED_VARIABLE = YES;
				GENERATE_INFOPLIST_FILE = YES;
				IPHONEOS_DEPLOYMENT_TARGET = 16.0;
				MARKETING_VERSION = 0.1.0;
				MTL_ENABLE_DEBUG_INFO = INCLUDE_SOURCE;
				MTL_FAST_MATH = YES;
				ONLY_ACTIVE_ARCH = YES;
				PRODUCT_BUNDLE_IDENTIFIER = com.mummysboy.GuardApp;
				PRODUCT_NAME = "$(TARGET_NAME)";
				SDKROOT = iphoneos;
				SWIFT_ACTIVE_COMPILATION_CONDITIONS = DEBUG;
				SWIFT_OPTIMIZATION_LEVEL = "-Onone";
				SWIFT_VERSION = 5.1;
			};
			name = Debug;
		};
		FC218623A0FEC305C68F06E4 /* Debug */ = {
			isa = XCBuildConfiguration;
			buildSettings = {
				BUNDLE_LOADER = "$(TEST_HOST)";
				LD_RUNPATH_SEARCH_PATHS = (
					"$(inherited)",
					"@executable_path/Frameworks",
					"@loader_path/Frameworks",
				);
				SDKROOT = iphoneos;
				TARGETED_DEVICE_FAMILY = "1,2";
				TEST_HOST = "$(BUILT_PRODUCTS_DIR)/GuardApp.app/GuardApp";
			};
			name = Debug;
		};
/* End XCBuildConfiguration section */

/* Begin XCConfigurationList section */
		C6A41D0607E7D031D1B0F664 /* Build configuration list for PBXNativeTarget "GuardApp" */ = {
			isa = XCConfigurationList;
			buildConfigurations = (
				79156E3514F57E0E333DCA00 /* Debug */,
				5D27EBCFB471042658C05EF6 /* Release */,
				DDC8B1CD7CDA2B27EE0E0FC2 /* Staging */,
			);
			defaultConfigurationIsVisible = 0;
			defaultConfigurationName = Debug;
		};
		ECC291C246469B40D8F988C0 /* Build configuration list for PBXProject "GuardApp" */ = {
			isa = XCConfigurationList;
			buildConfigurations = (
				E8619627920EDBBE7414C270 /* Debug */,
				9A53D5201D7375A58492F42A /* Release */,
				11AD1960616202F592DCE561 /* Staging */,
			);
			defaultConfigurationIsVisible = 0;
			defaultConfigurationName = Debug;
		};
		F8748E55626F0A5F4003FCE8 /* Build configuration list for PBXNativeTarget "GuardAppTests" */ = {
			isa = XCConfigurationList;
			buildConfigurations = (
				FC218623A0FEC305C68F06E4 /* Debug */,
				94EB09E41107AAB9A6F1BF73 /* Release */,
				424CE1DAE935C1ECCD18BC5A /* Staging */,
			);
			defaultConfigurationIsVisible = 0;
			defaultConfigurationName = Debug;
		};
/* End XCConfigurationList section */

/* Begin XCRemoteSwiftPackageReference section */
		0B5FEDD3C80AEBFEDC8D28B9 /* XCRemoteSwiftPackageReference "amplify-swift" */ = {
			isa = XCRemoteSwiftPackageReference;
			repositoryURL = "https://github.com/aws-amplify/amplify-swift";
			requirement = {
				kind = upToNextMajorVersion;
				minimumVersion = 2.0.0;
			};
		};
		6595AF85F3A38C6CD8FD7A2F /* XCRemoteSwiftPackageReference "amplify-swift" */ = {
			isa = XCRemoteSwiftPackageReference;
			repositoryURL = "https://github.com/aws-amplify/amplify-swift";
			requirement = {
				kind = upToNextMajorVersion;
				minimumVersion = 2.0.0;
			};
		};
		70A64633FED2000457A93DE0 /* XCRemoteSwiftPackageReference "amplify-swift" */ = {
			isa = XCRemoteSwiftPackageReference;
			repositoryURL = "https://github.com/aws-amplify/amplify-swift";
			requirement = {
				kind = upToNextMajorVersion;
				minimumVersion = 2.0.0;
			};
		};
		D394BA00D691C1901E0D7974 /* XCRemoteSwiftPackageReference "amplify-swift" */ = {
			isa = XCRemoteSwiftPackageReference;
			repositoryURL = "https://github.com/aws-amplify/amplify-swift";
			requirement = {
				kind = upToNextMajorVersion;
				minimumVersion = 2.0.0;
			};
		};
/* End XCRemoteSwiftPackageReference section */

/* Begin XCSwiftPackageProductDependency section */
		549D380BDEA2E64182C3DB3E /* Amplify */ = {
			isa = XCSwiftPackageProductDependency;
			package = 70A64633FED2000457A93DE0 /* XCRemoteSwiftPackageReference "amplify-swift" */;
			productName = Amplify;
		};
		7478EDA993BA34863A02D15F /* AWSDataStorePlugin */ = {
			isa = XCSwiftPackageProductDependency;
			package = D394BA00D691C1901E0D7974 /* XCRemoteSwiftPackageReference "amplify-swift" */;
			productName = AWSDataStorePlugin;
		};
		B38CBD1970A3CEFB5D934B9B /* AWSAPIPlugin */ = {
			isa = XCSwiftPackageProductDependency;
			package = 0B5FEDD3C80AEBFEDC8D28B9 /* XCRemoteSwiftPackageReference "amplify-swift" */;
			productName = AWSAPIPlugin;
		};
		FF55800D5667D1D349D4806E /* AWSCognitoAuthPlugin */ = {
			isa = XCSwiftPackageProductDependency;
			package = 6595AF85F3A38C6CD8FD7A2F /* XCRemoteSwiftPackageReference "amplify-swift" */;
			productName = AWSCognitoAuthPlugin;
		};
/* End XCSwiftPackageProductDependency section */
	};
	rootObject = 2357BA778C18A77E20809B4B /* Project object */;
}
