// !$*UTF8*$!
{
	archiveVersion = 1;
	classes = {
	};
	objectVersion = 77;
	objects = {

/* Begin PBXBuildFile section */
		01966601EC31BD375717515B /* User.swift in Sources */ = {isa = PBXBuildFile; fileRef = 67AB574C06377305E2309C06 /* User.swift */; };
		07495EECDCBA9ACAAF5FF6A0 /* AmplifyModels.swift in Sources */ = {isa = PBXBuildFile; fileRef = 7461EFCA2AEABAC2F3E1F751 /* AmplifyModels.swift */; };
		113742A6802A22DD0E858F30 /* aws-exports.js in Resources */ = {isa = PBXBuildFile; fileRef = B886418ADF9EA8E549AB3DF7 /* aws-exports.js */; };
		1865C3DF4938BFF9D0780413 /* guardapp799df51d-cloudformation-template.json in Resources */ = {isa = PBXBuildFile; fileRef = EF37ED64C69053DCDA2697D3 /* guardapp799df51d-cloudformation-template.json */; };
		1EFEC51E14EAA576B638A78C /* amplify-meta.json in Resources */ = {isa = PBXBuildFile; fileRef = A2F623E1A536A4ACD7A063FD /* amplify-meta.json */; };
		2318E31A7363E39542686C78 /* README.md in Resources */ = {isa = PBXBuildFile; fileRef = F494B6ADB491E3074420A93B /* README.md */; };
		24D8E13A474F183D024722C5 /* AdminTabView.swift in Sources */ = {isa = PBXBuildFile; fileRef = 6D57FAE46D782CE1AACEDCC0 /* AdminTabView.swift */; };
		271AD8CEA9B0B8C41FA7696F /* parameters.json in Resources */ = {isa = PBXBuildFile; fileRef = 16BF1D4DAD31A22D34014534 /* parameters.json */; };
		277E84E13A35FD4C5F6D5EEF /* cli-inputs.json in Resources */ = {isa = PBXBuildFile; fileRef = 17C007E9F62B72CD8F97EAAD /* cli-inputs.json */; };
		2A12BB53BC409F9E2ADC7B5F /* parameters.json in Resources */ = {isa = PBXBuildFile; fileRef = 31745B651C2BF41AF6C1D363 /* parameters.json */; };
		30464673472E1BE72A73849D /* amplify-meta.json in Resources */ = {isa = PBXBuildFile; fileRef = 05F962B3E02F5ABE3804AA39 /* amplify-meta.json */; };
		34C273814DEA79E59F7B9688 /* AuthService.swift in Sources */ = {isa = PBXBuildFile; fileRef = 7717AC99150BDC46916BEC01 /* AuthService.swift */; };
		366A76ECF901D7A19F05F878 /* APIClient.swift in Sources */ = {isa = PBXBuildFile; fileRef = D9C6F40CF042E9DDF7B0D849 /* APIClient.swift */; };
		390EB0A694BD1E1F35320015 /* local-env-info.json in Resources */ = {isa = PBXBuildFile; fileRef = 77D599AD997F827824A7710B /* local-env-info.json */; };
		3AD0FFAB5BB1B48E1716CD36 /* amplify-dependent-resources-ref.d.ts in Resources */ = {isa = PBXBuildFile; fileRef = CE5B118B220A5C81E8033FF3 /* amplify-dependent-resources-ref.d.ts */; };
		3B49E575064D07B1D54CE766 /* SessionStore.swift in Sources */ = {isa = PBXBuildFile; fileRef = 03764D01622043CA86E02EBE /* SessionStore.swift */; };
		3BB4B982A943C9DA8C187ABC /* team-provider-info.json in Resources */ = {isa = PBXBuildFile; fileRef = DE7A4341EE16014D8AE5EA05 /* team-provider-info.json */; };
		3F31B21AD09FAF60CB913D31 /* AppMain.swift in Sources */ = {isa = PBXBuildFile; fileRef = 2FBBB4DBE8FA71CA715B9E0A /* AppMain.swift */; };
		3FBC722A392B1A9FF5470D2D /* LoginView.swift in Sources */ = {isa = PBXBuildFile; fileRef = 4FE673402C884425E4E76E44 /* LoginView.swift */; };
		43A1E0DEFD90FEE1840B2416 /* DashboardView.swift in Sources */ = {isa = PBXBuildFile; fileRef = 03403C891526FC14DA535281 /* DashboardView.swift */; };
		4EFF2C58E3BAC69FD2D3F0E1 /* Shift+Schema.swift in Sources */ = {isa = PBXBuildFile; fileRef = 0947A509B7179E3020618444 /* Shift+Schema.swift */; };
		68255C261B1F0CEA847A46FE /* BusinessTabView.swift in Sources */ = {isa = PBXBuildFile; fileRef = C4B4D0C54008D1E8BF31B754 /* BusinessTabView.swift */; };
		6944261F04FE8A8A6B1678CA /* User+Schema.swift in Sources */ = {isa = PBXBuildFile; fileRef = DA2FCF9FF972B894F729669E /* User+Schema.swift */; };
		69718584A358CD186611995B /* tags.json in Resources */ = {isa = PBXBuildFile; fileRef = E31E51AC9A8C9D0F18F189F1 /* tags.json */; };
		6E56FCC5B1DEEE03DDA8128C /* AWSCognitoAuthPlugin in Frameworks */ = {isa = PBXBuildFile; productRef = FF55800D5667D1D349D4806E /* AWSCognitoAuthPlugin */; };
		6E9127E627D4FFF97AA27C5A /* Formatters.swift in Sources */ = {isa = PBXBuildFile; fileRef = 93C839FA99A9B6AA224BF1F7 /* Formatters.swift */; };
		7B08B69C9FAA627EE4FD2AA2 /* ShiftState.swift in Sources */ = {isa = PBXBuildFile; fileRef = EC245E47C5BDED84F357EA15 /* ShiftState.swift */; };
		7C359531812CB6F452852C7D /* root-cloudformation-stack.json in Resources */ = {isa = PBXBuildFile; fileRef = 7EE721A480098F7F77EA42AA /* root-cloudformation-stack.json */; };
		7F8764C2934C681FB3379560 /* AWSAPIPlugin in Frameworks */ = {isa = PBXBuildFile; productRef = B38CBD1970A3CEFB5D934B9B /* AWSAPIPlugin */; };
		80EE70BD23BEBDB6FF1AD2B8 /* AWSDataStorePlugin in Frameworks */ = {isa = PBXBuildFile; productRef = 7478EDA993BA34863A02D15F /* AWSDataStorePlugin */; };
		8518BEBF490FA6DAB6421B12 /* Idempotency.swift in Sources */ = {isa = PBXBuildFile; fileRef = 6675929BC83C45CCE8710778 /* Idempotency.swift */; };
		8E5AE426D4D6E0D00C811717 /* README.md in Resources */ = {isa = PBXBuildFile; fileRef = B02CB79C78EB07D632800A85 /* README.md */; };
		90CDEC020F83F5A1B4FD8DCB /* Models.swift in Sources */ = {isa = PBXBuildFile; fileRef = 4FECAC3A44B42936A27294EC /* Models.swift */; };
		9AEA70FD96844E476BBDDFBE /* CustomResources.json in Resources */ = {isa = PBXBuildFile; fileRef = D6619F13F0DF23C47FA5B5F4 /* CustomResources.json */; };
		A28303B8761646AE3F6DDE64 /* README.md in Resources */ = {isa = PBXBuildFile; fileRef = 36F862EB29D5FD7AACA9BD59 /* README.md */; };
		A5B1DA5ABB6DE1A8D474306C /* root-cloudformation-stack.json in Resources */ = {isa = PBXBuildFile; fileRef = BC3B5D9AA0AF925855593D23 /* root-cloudformation-stack.json */; };
		AEA49AEB0CADE2F8313941F7 /* cloudformation-template.json in Resources */ = {isa = PBXBuildFile; fileRef = F7812B2EFD74F24D45195FDA /* cloudformation-template.json */; };
		B2305440D5B777FCB0742D83 /* local-aws-info.json in Resources */ = {isa = PBXBuildFile; fileRef = 1A8C07FE3BE7C27BB3015DFC /* local-aws-info.json */; };
		BEB5031CF1E3F89F8DEB0E4B /* pre-push.js.sample in Resources */ = {isa = PBXBuildFile; fileRef = 7653A53D7B7CE16F1B685B54 /* pre-push.js.sample */; };
		BEE004D68E79A68E4E92E2E8 /* Role.swift in Sources */ = {isa = PBXBuildFile; fileRef = 299BCC6B3D7477BB73540598 /* Role.swift */; };
		C2215BDE413574E550E85271 /* CustomResources.json in Resources */ = {isa = PBXBuildFile; fileRef = 2297B173FFFE71C0EF32A2CD /* CustomResources.json */; };
		C3441E971FC446254A3C3FA7 /* ShiftService.swift in Sources */ = {isa = PBXBuildFile; fileRef = 302CF094C4E1CB1EEC62CFC9 /* ShiftService.swift */; };
		C498CB81E314CB116A8D5D9C /* project-config.json in Resources */ = {isa = PBXBuildFile; fileRef = F7484FBA93BCC1F17D4CDE63 /* project-config.json */; };
		CDFF68B70D2D39E91167C5B3 /* schema.graphql in Resources */ = {isa = PBXBuildFile; fileRef = C424E480BBDB119BC255A407 /* schema.graphql */; };
		DD667BC13D6748C381E6E6E1 /* backend-config.json in Resources */ = {isa = PBXBuildFile; fileRef = 53B5B5422A4D6E4C5B5A5CE0 /* backend-config.json */; };
		DFF7C26E9B034F74143B4DAC /* parameters.json in Resources */ = {isa = PBXBuildFile; fileRef = 1CE1E46F46DB04D9FA62793C /* parameters.json */; };
		E5CB7F1C491DA610342FAA1F /* schema.graphql in Resources */ = {isa = PBXBuildFile; fileRef = BD96C6B199ACB2735939D307 /* schema.graphql */; };
		E9667C36824BE5195B68A33C /* amplifyconfiguration.json in Resources */ = {isa = PBXBuildFile; fileRef = 49EBFE8BF0D2FC60D6B0452F /* amplifyconfiguration.json */; };
		EBF3BB627601962B845DDF34 /* GuardAppTests.swift in Sources */ = {isa = PBXBuildFile; fileRef = 3D07CAD7FD66D6D8D8C9A3D1 /* GuardAppTests.swift */; };
		EEB9E0E0D89021F97FFC946F /* Amplify in Frameworks */ = {isa = PBXBuildFile; productRef = 549D380BDEA2E64182C3DB3E /* Amplify */; };
		F221A3E482D23F196938AB86 /* codegen.yml in Resources */ = {isa = PBXBuildFile; fileRef = 82BF7A8BFEDEB4566E619AA1 /* codegen.yml */; };
		F26783391F271BE6533862CD /* post-push.sh.sample in Resources */ = {isa = PBXBuildFile; fileRef = 21B795424D8DE9FDEA37D1D1 /* post-push.sh.sample */; };
		F4D8A055C21E9978CC60AEA6 /* cli-inputs.json in Resources */ = {isa = PBXBuildFile; fileRef = 5B85466E44DDBEC9133861F2 /* cli-inputs.json */; };
		F5E2B8190A04950482DA3655 /* cli.json in Resources */ = {isa = PBXBuildFile; fileRef = 38D5B114F9FDFFE7B0D363BB /* cli.json */; };
		F69F4698C57E74A3F58E1C84 /* transform.conf.json in Resources */ = {isa = PBXBuildFile; fileRef = DE42242422B17D26DE431997 /* transform.conf.json */; };
		F7F6E2670BFC196DCCD5045E /* WorkerTabView.swift in Sources */ = {isa = PBXBuildFile; fileRef = FEB0D6F63FA66071162BF55B /* WorkerTabView.swift */; };
		FBCC23DB9FD6814321BC0B61 /* Shift.swift in Sources */ = {isa = PBXBuildFile; fileRef = 8F034FD47D3321E7CDFDFF47 /* Shift.swift */; };
		FE95B1DD27670A1F83390B47 /* tags.json in Resources */ = {isa = PBXBuildFile; fileRef = 5D8FDB42BD6189799553EC25 /* tags.json */; };
/* End PBXBuildFile section */

/* Begin PBXContainerItemProxy section */
		EF41D10001E1D94D16CF9273 /* PBXContainerItemProxy */ = {
			isa = PBXContainerItemProxy;
			containerPortal = 2357BA778C18A77E20809B4B /* Project object */;
			proxyType = 1;
			remoteGlobalIDString = 11437DB619E55C99B8B5DE1B;
			remoteInfo = GuardApp;
		};
/* End PBXContainerItemProxy section */

/* Begin PBXFileReference section */
		03403C891526FC14DA535281 /* DashboardView.swift */ = {isa = PBXFileReference; lastKnownFileType = sourcecode.swift; path = DashboardView.swift; sourceTree = "<group>"; };
		03764D01622043CA86E02EBE /* SessionStore.swift */ = {isa = PBXFileReference; lastKnownFileType = sourcecode.swift; path = SessionStore.swift; sourceTree = "<group>"; };
		05F962B3E02F5ABE3804AA39 /* amplify-meta.json */ = {isa = PBXFileReference; lastKnownFileType = text.json; path = "amplify-meta.json"; sourceTree = "<group>"; };
		0947A509B7179E3020618444 /* Shift+Schema.swift */ = {isa = PBXFileReference; lastKnownFileType = sourcecode.swift; path = "Shift+Schema.swift"; sourceTree = "<group>"; };
		16BF1D4DAD31A22D34014534 /* parameters.json */ = {isa = PBXFileReference; lastKnownFileType = text.json; path = parameters.json; sourceTree = "<group>"; };
		17C007E9F62B72CD8F97EAAD /* cli-inputs.json */ = {isa = PBXFileReference; lastKnownFileType = text.json; path = "cli-inputs.json"; sourceTree = "<group>"; };
		1A8C07FE3BE7C27BB3015DFC /* local-aws-info.json */ = {isa = PBXFileReference; lastKnownFileType = text.json; path = "local-aws-info.json"; sourceTree = "<group>"; };
		1CE1E46F46DB04D9FA62793C /* parameters.json */ = {isa = PBXFileReference; lastKnownFileType = text.json; path = parameters.json; sourceTree = "<group>"; };
		21B795424D8DE9FDEA37D1D1 /* post-push.sh.sample */ = {isa = PBXFileReference; path = "post-push.sh.sample"; sourceTree = "<group>"; };
		2297B173FFFE71C0EF32A2CD /* CustomResources.json */ = {isa = PBXFileReference; lastKnownFileType = text.json; path = CustomResources.json; sourceTree = "<group>"; };
		299BCC6B3D7477BB73540598 /* Role.swift */ = {isa = PBXFileReference; lastKnownFileType = sourcecode.swift; path = Role.swift; sourceTree = "<group>"; };
		2FBBB4DBE8FA71CA715B9E0A /* AppMain.swift */ = {isa = PBXFileReference; lastKnownFileType = sourcecode.swift; path = AppMain.swift; sourceTree = "<group>"; };
		302CF094C4E1CB1EEC62CFC9 /* ShiftService.swift */ = {isa = PBXFileReference; lastKnownFileType = sourcecode.swift; path = ShiftService.swift; sourceTree = "<group>"; };
		31745B651C2BF41AF6C1D363 /* parameters.json */ = {isa = PBXFileReference; lastKnownFileType = text.json; path = parameters.json; sourceTree = "<group>"; };
		36BDA48B2AF30EF7D5363BF0 /* .eslintignore */ = {isa = PBXFileReference; path = .eslintignore; sourceTree = "<group>"; };
		36F862EB29D5FD7AACA9BD59 /* README.md */ = {isa = PBXFileReference; lastKnownFileType = net.daringfireball.markdown; path = README.md; sourceTree = "<group>"; };
		38D5B114F9FDFFE7B0D363BB /* cli.json */ = {isa = PBXFileReference; lastKnownFileType = text.json; path = cli.json; sourceTree = "<group>"; };
		3D07CAD7FD66D6D8D8C9A3D1 /* GuardAppTests.swift */ = {isa = PBXFileReference; lastKnownFileType = sourcecode.swift; path = GuardAppTests.swift; sourceTree = "<group>"; };
		49EBFE8BF0D2FC60D6B0452F /* amplifyconfiguration.json */ = {isa = PBXFileReference; lastKnownFileType = text.json; path = amplifyconfiguration.json; sourceTree = "<group>"; };
		4FE673402C884425E4E76E44 /* LoginView.swift */ = {isa = PBXFileReference; lastKnownFileType = sourcecode.swift; path = LoginView.swift; sourceTree = "<group>"; };
		4FECAC3A44B42936A27294EC /* Models.swift */ = {isa = PBXFileReference; lastKnownFileType = sourcecode.swift; path = Models.swift; sourceTree = "<group>"; };
		53B5B5422A4D6E4C5B5A5CE0 /* backend-config.json */ = {isa = PBXFileReference; lastKnownFileType = text.json; path = "backend-config.json"; sourceTree = "<group>"; };
		56EEE683DE8A6327BE090645 /* GuardApp.app */ = {isa = PBXFileReference; includeInIndex = 0; lastKnownFileType = wrapper.application; path = GuardApp.app; sourceTree = BUILT_PRODUCTS_DIR; };
		5B85466E44DDBEC9133861F2 /* cli-inputs.json */ = {isa = PBXFileReference; lastKnownFileType = text.json; path = "cli-inputs.json"; sourceTree = "<group>"; };
		5D8FDB42BD6189799553EC25 /* tags.json */ = {isa = PBXFileReference; lastKnownFileType = text.json; path = tags.json; sourceTree = "<group>"; };
		6675929BC83C45CCE8710778 /* Idempotency.swift */ = {isa = PBXFileReference; lastKnownFileType = sourcecode.swift; path = Idempotency.swift; sourceTree = "<group>"; };
		67AB574C06377305E2309C06 /* User.swift */ = {isa = PBXFileReference; lastKnownFileType = sourcecode.swift; path = User.swift; sourceTree = "<group>"; };
		6D57FAE46D782CE1AACEDCC0 /* AdminTabView.swift */ = {isa = PBXFileReference; lastKnownFileType = sourcecode.swift; path = AdminTabView.swift; sourceTree = "<group>"; };
		7461EFCA2AEABAC2F3E1F751 /* AmplifyModels.swift */ = {isa = PBXFileReference; lastKnownFileType = sourcecode.swift; path = AmplifyModels.swift; sourceTree = "<group>"; };
		7653A53D7B7CE16F1B685B54 /* pre-push.js.sample */ = {isa = PBXFileReference; path = "pre-push.js.sample"; sourceTree = "<group>"; };
		7717AC99150BDC46916BEC01 /* AuthService.swift */ = {isa = PBXFileReference; lastKnownFileType = sourcecode.swift; path = AuthService.swift; sourceTree = "<group>"; };
		77D599AD997F827824A7710B /* local-env-info.json */ = {isa = PBXFileReference; lastKnownFileType = text.json; path = "local-env-info.json"; sourceTree = "<group>"; };
		7EE721A480098F7F77EA42AA /* root-cloudformation-stack.json */ = {isa = PBXFileReference; lastKnownFileType = text.json; path = "root-cloudformation-stack.json"; sourceTree = "<group>"; };
		82BF7A8BFEDEB4566E619AA1 /* codegen.yml */ = {isa = PBXFileReference; lastKnownFileType = text.yaml; path = codegen.yml; sourceTree = "<group>"; };
		8F034FD47D3321E7CDFDFF47 /* Shift.swift */ = {isa = PBXFileReference; lastKnownFileType = sourcecode.swift; path = Shift.swift; sourceTree = "<group>"; };
		93C839FA99A9B6AA224BF1F7 /* Formatters.swift */ = {isa = PBXFileReference; lastKnownFileType = sourcecode.swift; path = Formatters.swift; sourceTree = "<group>"; };
		9A3D234CE9C2C560107880D5 /* GuardAppTests.xctest */ = {isa = PBXFileReference; includeInIndex = 0; lastKnownFileType = wrapper.cfbundle; path = GuardAppTests.xctest; sourceTree = BUILT_PRODUCTS_DIR; };
		A2F623E1A536A4ACD7A063FD /* amplify-meta.json */ = {isa = PBXFileReference; lastKnownFileType = text.json; path = "amplify-meta.json"; sourceTree = "<group>"; };
		B02CB79C78EB07D632800A85 /* README.md */ = {isa = PBXFileReference; lastKnownFileType = net.daringfireball.markdown; path = README.md; sourceTree = "<group>"; };
		B886418ADF9EA8E549AB3DF7 /* aws-exports.js */ = {isa = PBXFileReference; lastKnownFileType = sourcecode.javascript; path = "aws-exports.js"; sourceTree = "<group>"; };
		BC3B5D9AA0AF925855593D23 /* root-cloudformation-stack.json */ = {isa = PBXFileReference; lastKnownFileType = text.json; path = "root-cloudformation-stack.json"; sourceTree = "<group>"; };
		BD96C6B199ACB2735939D307 /* schema.graphql */ = {isa = PBXFileReference; path = schema.graphql; sourceTree = "<group>"; };
		C424E480BBDB119BC255A407 /* schema.graphql */ = {isa = PBXFileReference; path = schema.graphql; sourceTree = "<group>"; };
		C4B4D0C54008D1E8BF31B754 /* BusinessTabView.swift */ = {isa = PBXFileReference; lastKnownFileType = sourcecode.swift; path = BusinessTabView.swift; sourceTree = "<group>"; };
		CE5B118B220A5C81E8033FF3 /* amplify-dependent-resources-ref.d.ts */ = {isa = PBXFileReference; path = "amplify-dependent-resources-ref.d.ts"; sourceTree = "<group>"; };
		D6619F13F0DF23C47FA5B5F4 /* CustomResources.json */ = {isa = PBXFileReference; lastKnownFileType = text.json; path = CustomResources.json; sourceTree = "<group>"; };
		D9C6F40CF042E9DDF7B0D849 /* APIClient.swift */ = {isa = PBXFileReference; lastKnownFileType = sourcecode.swift; path = APIClient.swift; sourceTree = "<group>"; };
		DA2FCF9FF972B894F729669E /* User+Schema.swift */ = {isa = PBXFileReference; lastKnownFileType = sourcecode.swift; path = "User+Schema.swift"; sourceTree = "<group>"; };
		DE42242422B17D26DE431997 /* transform.conf.json */ = {isa = PBXFileReference; lastKnownFileType = text.json; path = transform.conf.json; sourceTree = "<group>"; };
		DE7A4341EE16014D8AE5EA05 /* team-provider-info.json */ = {isa = PBXFileReference; lastKnownFileType = text.json; path = "team-provider-info.json"; sourceTree = "<group>"; };
		E31E51AC9A8C9D0F18F189F1 /* tags.json */ = {isa = PBXFileReference; lastKnownFileType = text.json; path = tags.json; sourceTree = "<group>"; };
		EC245E47C5BDED84F357EA15 /* ShiftState.swift */ = {isa = PBXFileReference; lastKnownFileType = sourcecode.swift; path = ShiftState.swift; sourceTree = "<group>"; };
		EF37ED64C69053DCDA2697D3 /* guardapp799df51d-cloudformation-template.json */ = {isa = PBXFileReference; lastKnownFileType = text.json; path = "guardapp799df51d-cloudformation-template.json"; sourceTree = "<group>"; };
		F462974A16F24DDD2D2B6FA6 /* .gitignore */ = {isa = PBXFileReference; path = .gitignore; sourceTree = "<group>"; };
		F494B6ADB491E3074420A93B /* README.md */ = {isa = PBXFileReference; lastKnownFileType = net.daringfireball.markdown; path = README.md; sourceTree = "<group>"; };
		F7484FBA93BCC1F17D4CDE63 /* project-config.json */ = {isa = PBXFileReference; lastKnownFileType = text.json; path = "project-config.json"; sourceTree = "<group>"; };
		F7812B2EFD74F24D45195FDA /* cloudformation-template.json */ = {isa = PBXFileReference; lastKnownFileType = text.json; path = "cloudformation-template.json"; sourceTree = "<group>"; };
		FEB0D6F63FA66071162BF55B /* WorkerTabView.swift */ = {isa = PBXFileReference; lastKnownFileType = sourcecode.swift; path = WorkerTabView.swift; sourceTree = "<group>"; };
/* End PBXFileReference section */

/* Begin PBXFrameworksBuildPhase section */
		75A088D3AC4A9B9EF57340BA /* Frameworks */ = {
			isa = PBXFrameworksBuildPhase;
			buildActionMask = 2147483647;
			files = (
				EEB9E0E0D89021F97FFC946F /* Amplify in Frameworks */,
				6E56FCC5B1DEEE03DDA8128C /* AWSCognitoAuthPlugin in Frameworks */,
				7F8764C2934C681FB3379560 /* AWSAPIPlugin in Frameworks */,
				80EE70BD23BEBDB6FF1AD2B8 /* AWSDataStorePlugin in Frameworks */,
			);
			runOnlyForDeploymentPostprocessing = 0;
		};
/* End PBXFrameworksBuildPhase section */

/* Begin PBXGroup section */
		0093E5F0A90E383A91B7E394 /* hooks */ = {
			isa = PBXGroup;
			children = (
				21B795424D8DE9FDEA37D1D1 /* post-push.sh.sample */,
				7653A53D7B7CE16F1B685B54 /* pre-push.js.sample */,
				B02CB79C78EB07D632800A85 /* README.md */,
			);
			path = hooks;
			sourceTree = "<group>";
		};
		07C220E69685982B886EF0D4 /* src */ = {
			isa = PBXGroup;
			children = (
				49EBFE8BF0D2FC60D6B0452F /* amplifyconfiguration.json */,
				B886418ADF9EA8E549AB3DF7 /* aws-exports.js */,
				1476DDE235FE902FA9E479E6 /* models */,
			);
			path = src;
			sourceTree = "<group>";
		};
		1476DDE235FE902FA9E479E6 /* models */ = {
			isa = PBXGroup;
			children = (
				7461EFCA2AEABAC2F3E1F751 /* AmplifyModels.swift */,
				299BCC6B3D7477BB73540598 /* Role.swift */,
				8F034FD47D3321E7CDFDFF47 /* Shift.swift */,
				0947A509B7179E3020618444 /* Shift+Schema.swift */,
				EC245E47C5BDED84F357EA15 /* ShiftState.swift */,
				67AB574C06377305E2309C06 /* User.swift */,
				DA2FCF9FF972B894F729669E /* User+Schema.swift */,
			);
			path = models;
			sourceTree = "<group>";
		};
		1628EF3EBCDDC447994E7526 /* Auth */ = {
			isa = PBXGroup;
			children = (
				7717AC99150BDC46916BEC01 /* AuthService.swift */,
			);
			path = Auth;
			sourceTree = "<group>";
		};
		2C6499A5F9E618FDEAE564FB /* guardapp799df51d */ = {
			isa = PBXGroup;
			children = (
				5B85466E44DDBEC9133861F2 /* cli-inputs.json */,
				96C21E79C6D6316200FD574E /* build */,
			);
			path = guardapp799df51d;
			sourceTree = "<group>";
		};
		35496BED26C6A8D68CF4BF77 /* stacks */ = {
			isa = PBXGroup;
			children = (
				D6619F13F0DF23C47FA5B5F4 /* CustomResources.json */,
			);
			path = stacks;
			sourceTree = "<group>";
		};
		410FA6829EC3EBAEE3DB6B04 /* Products */ = {
			isa = PBXGroup;
			children = (
				56EEE683DE8A6327BE090645 /* GuardApp.app */,
				9A3D234CE9C2C560107880D5 /* GuardAppTests.xctest */,
			);
			name = Products;
			sourceTree = "<group>";
		};
		46E16AA9404D929315D83C25 /* Services */ = {
			isa = PBXGroup;
			children = (
				1628EF3EBCDDC447994E7526 /* Auth */,
				A3C53D125E5BDB390D102187 /* Networking */,
			);
			path = Services;
			sourceTree = "<group>";
		};
		4829F034E08E05C8FB85F420 /* resolvers */ = {
			isa = PBXGroup;
			children = (
				F494B6ADB491E3074420A93B /* README.md */,
			);
			path = resolvers;
			sourceTree = "<group>";
		};
		4A3B7464352525036D8BDA14 /* types */ = {
			isa = PBXGroup;
			children = (
				CE5B118B220A5C81E8033FF3 /* amplify-dependent-resources-ref.d.ts */,
			);
			path = types;
			sourceTree = "<group>";
		};
		4ED6785504C05A8F8972B890 /* Utils */ = {
			isa = PBXGroup;
			children = (
				93C839FA99A9B6AA224BF1F7 /* Formatters.swift */,
				6675929BC83C45CCE8710778 /* Idempotency.swift */,
			);
			path = Utils;
			sourceTree = "<group>";
		};
		5A7EE867069D5E2231A52522 /* Worker */ = {
			isa = PBXGroup;
			children = (
				FEB0D6F63FA66071162BF55B /* WorkerTabView.swift */,
			);
			path = Worker;
			sourceTree = "<group>";
		};
		5E7C0ED9C5111BBA6051D441 /* Admin */ = {
			isa = PBXGroup;
			children = (
				6D57FAE46D782CE1AACEDCC0 /* AdminTabView.swift */,
			);
			path = Admin;
			sourceTree = "<group>";
		};
		6065C630337BBA8FFAD7B324 /* App */ = {
			isa = PBXGroup;
			children = (
				2FBBB4DBE8FA71CA715B9E0A /* AppMain.swift */,
				03764D01622043CA86E02EBE /* SessionStore.swift */,
			);
			path = App;
			sourceTree = "<group>";
		};
		659556DEE35DA9E84FEF80B9 /* Views */ = {
			isa = PBXGroup;
			children = (
				03403C891526FC14DA535281 /* DashboardView.swift */,
				4FE673402C884425E4E76E44 /* LoginView.swift */,
				5E7C0ED9C5111BBA6051D441 /* Admin */,
				89F1D7AF615BE78655CDC134 /* Business */,
				5A7EE867069D5E2231A52522 /* Worker */,
			);
			path = Views;
			sourceTree = "<group>";
		};
		6A2E69663148CA7A863CAF2A /* build */ = {
			isa = PBXGroup;
			children = (
				F7812B2EFD74F24D45195FDA /* cloudformation-template.json */,
				1CE1E46F46DB04D9FA62793C /* parameters.json */,
				BD96C6B199ACB2735939D307 /* schema.graphql */,
				F590CE46B7284228F9D40F59 /* stacks */,
			);
			path = build;
			sourceTree = "<group>";
		};
		7BD34E0843858D96748A3E06 /* auth */ = {
			isa = PBXGroup;
			children = (
				2C6499A5F9E618FDEAE564FB /* guardapp799df51d */,
			);
			path = auth;
			sourceTree = "<group>";
		};
		83DB65C2286C16EF877081CB /* amplify */ = {
			isa = PBXGroup;
			children = (
				38D5B114F9FDFFE7B0D363BB /* cli.json */,
				36F862EB29D5FD7AACA9BD59 /* README.md */,
				DE7A4341EE16014D8AE5EA05 /* team-provider-info.json */,
				BBD8307E6D86D1AEB2BE720F /* .config */,
				C2131809BA5561E47FE492D6 /* #current-cloud-backend */,
				92112DD5069A7A5DA713E06D /* backend */,
				0093E5F0A90E383A91B7E394 /* hooks */,
			);
			path = amplify;
			sourceTree = "<group>";
		};
		89F1D7AF615BE78655CDC134 /* Business */ = {
			isa = PBXGroup;
			children = (
				C4B4D0C54008D1E8BF31B754 /* BusinessTabView.swift */,
			);
			path = Business;
			sourceTree = "<group>";
		};
		92112DD5069A7A5DA713E06D /* backend */ = {
			isa = PBXGroup;
			children = (
				A2F623E1A536A4ACD7A063FD /* amplify-meta.json */,
				53B5B5422A4D6E4C5B5A5CE0 /* backend-config.json */,
				5D8FDB42BD6189799553EC25 /* tags.json */,
				B59455B3A9EE738F9A063C4E /* api */,
				7BD34E0843858D96748A3E06 /* auth */,
				B8D49D9BC32A13E9D4D3ABE3 /* awscloudformation */,
				4A3B7464352525036D8BDA14 /* types */,
			);
			path = backend;
			sourceTree = "<group>";
		};
		96C21E79C6D6316200FD574E /* build */ = {
			isa = PBXGroup;
			children = (
				EF37ED64C69053DCDA2697D3 /* guardapp799df51d-cloudformation-template.json */,
				16BF1D4DAD31A22D34014534 /* parameters.json */,
			);
			path = build;
			sourceTree = "<group>";
		};
		A1D5119F3111EBCE730A19AE /* Models */ = {
			isa = PBXGroup;
			children = (
				4FECAC3A44B42936A27294EC /* Models.swift */,
			);
			path = Models;
			sourceTree = "<group>";
		};
		A2F2130519E144806D823180 /* guardapp */ = {
			isa = PBXGroup;
			children = (
				17C007E9F62B72CD8F97EAAD /* cli-inputs.json */,
				82BF7A8BFEDEB4566E619AA1 /* codegen.yml */,
				31745B651C2BF41AF6C1D363 /* parameters.json */,
				C424E480BBDB119BC255A407 /* schema.graphql */,
				DE42242422B17D26DE431997 /* transform.conf.json */,
				6A2E69663148CA7A863CAF2A /* build */,
				4829F034E08E05C8FB85F420 /* resolvers */,
				35496BED26C6A8D68CF4BF77 /* stacks */,
			);
			path = guardapp;
			sourceTree = "<group>";
		};
		A3C53D125E5BDB390D102187 /* Networking */ = {
			isa = PBXGroup;
			children = (
				D9C6F40CF042E9DDF7B0D849 /* APIClient.swift */,
				302CF094C4E1CB1EEC62CFC9 /* ShiftService.swift */,
			);
			path = Networking;
			sourceTree = "<group>";
		};
		B59455B3A9EE738F9A063C4E /* api */ = {
			isa = PBXGroup;
			children = (
				A2F2130519E144806D823180 /* guardapp */,
			);
			path = api;
			sourceTree = "<group>";
		};
		B6E34C5B01C2887E59AE2401 /* build */ = {
			isa = PBXGroup;
			children = (
				7EE721A480098F7F77EA42AA /* root-cloudformation-stack.json */,
			);
			path = build;
			sourceTree = "<group>";
		};
		B8D49D9BC32A13E9D4D3ABE3 /* awscloudformation */ = {
			isa = PBXGroup;
			children = (
				B6E34C5B01C2887E59AE2401 /* build */,
			);
			path = awscloudformation;
			sourceTree = "<group>";
		};
		B9816AED46F0E0B5113D8CDB /* GuardApp */ = {
			isa = PBXGroup;
			children = (
				36BDA48B2AF30EF7D5363BF0 /* .eslintignore */,
				F462974A16F24DDD2D2B6FA6 /* .gitignore */,
				83DB65C2286C16EF877081CB /* amplify */,
				6065C630337BBA8FFAD7B324 /* App */,
				A1D5119F3111EBCE730A19AE /* Models */,
				46E16AA9404D929315D83C25 /* Services */,
				07C220E69685982B886EF0D4 /* src */,
				4ED6785504C05A8F8972B890 /* Utils */,
				659556DEE35DA9E84FEF80B9 /* Views */,
			);
			name = GuardApp;
			path = Sources/GuardApp;
			sourceTree = "<group>";
		};
		BBD8307E6D86D1AEB2BE720F /* .config */ = {
			isa = PBXGroup;
			children = (
				1A8C07FE3BE7C27BB3015DFC /* local-aws-info.json */,
				77D599AD997F827824A7710B /* local-env-info.json */,
				F7484FBA93BCC1F17D4CDE63 /* project-config.json */,
			);
			path = .config;
			sourceTree = "<group>";
		};
		C2131809BA5561E47FE492D6 /* #current-cloud-backend */ = {
			isa = PBXGroup;
			children = (
				05F962B3E02F5ABE3804AA39 /* amplify-meta.json */,
				E31E51AC9A8C9D0F18F189F1 /* tags.json */,
				C54E28F843CFF315BFCAB0B3 /* awscloudformation */,
			);
			path = "#current-cloud-backend";
			sourceTree = "<group>";
		};
		C434557140A1EB243144565D /* GuardAppTests */ = {
			isa = PBXGroup;
			children = (
				3D07CAD7FD66D6D8D8C9A3D1 /* GuardAppTests.swift */,
			);
			name = GuardAppTests;
			path = Tests/GuardAppTests;
			sourceTree = "<group>";
		};
		C54E28F843CFF315BFCAB0B3 /* awscloudformation */ = {
			isa = PBXGroup;
			children = (
				E24A903F44B9293BB1EC6BD3 /* build */,
			);
			path = awscloudformation;
			sourceTree = "<group>";
		};
		DF2C7BBCDFBF667B8FA1E22D = {
			isa = PBXGroup;
			children = (
				B9816AED46F0E0B5113D8CDB /* GuardApp */,
				C434557140A1EB243144565D /* GuardAppTests */,
				410FA6829EC3EBAEE3DB6B04 /* Products */,
			);
			sourceTree = "<group>";
		};
		E24A903F44B9293BB1EC6BD3 /* build */ = {
			isa = PBXGroup;
			children = (
				BC3B5D9AA0AF925855593D23 /* root-cloudformation-stack.json */,
			);
			path = build;
			sourceTree = "<group>";
		};
		F590CE46B7284228F9D40F59 /* stacks */ = {
			isa = PBXGroup;
			children = (
				2297B173FFFE71C0EF32A2CD /* CustomResources.json */,
			);
			path = stacks;
			sourceTree = "<group>";
		};
/* End PBXGroup section */

/* Begin PBXNativeTarget section */
		0AA36AA961F7C00A20AFD116 /* GuardAppTests */ = {
			isa = PBXNativeTarget;
			buildConfigurationList = F8748E55626F0A5F4003FCE8 /* Build configuration list for PBXNativeTarget "GuardAppTests" */;
			buildPhases = (
				9C4F06196669CE891F8C266F /* Sources */,
			);
			buildRules = (
			);
			dependencies = (
				DEE0B56BC4B2CB5D089A7F34 /* PBXTargetDependency */,
			);
			name = GuardAppTests;
			packageProductDependencies = (
			);
			productName = GuardAppTests;
			productReference = 9A3D234CE9C2C560107880D5 /* GuardAppTests.xctest */;
			productType = "com.apple.product-type.bundle.unit-test";
		};
		11437DB619E55C99B8B5DE1B /* GuardApp */ = {
			isa = PBXNativeTarget;
			buildConfigurationList = C6A41D0607E7D031D1B0F664 /* Build configuration list for PBXNativeTarget "GuardApp" */;
			buildPhases = (
				4BFB6F228A0106503F1BC161 /* Sources */,
				EEF18EC79C3E42DB3A43AAA9 /* Resources */,
				75A088D3AC4A9B9EF57340BA /* Frameworks */,
			);
			buildRules = (
			);
			dependencies = (
			);
			name = GuardApp;
			packageProductDependencies = (
				549D380BDEA2E64182C3DB3E /* Amplify */,
				FF55800D5667D1D349D4806E /* AWSCognitoAuthPlugin */,
				B38CBD1970A3CEFB5D934B9B /* AWSAPIPlugin */,
				7478EDA993BA34863A02D15F /* AWSDataStorePlugin */,
			);
			productName = GuardApp;
			productReference = 56EEE683DE8A6327BE090645 /* GuardApp.app */;
			productType = "com.apple.product-type.application";
		};
/* End PBXNativeTarget section */

/* Begin PBXProject section */
		2357BA778C18A77E20809B4B /* Project object */ = {
			isa = PBXProject;
			attributes = {
				BuildIndependentTargetsInParallel = YES;
				LastUpgradeCheck = 1430;
				TargetAttributes = {
					0AA36AA961F7C00A20AFD116 = {
						ProvisioningStyle = Automatic;
					};
					11437DB619E55C99B8B5DE1B = {
						ProvisioningStyle = Automatic;
					};
				};
			};
			buildConfigurationList = ECC291C246469B40D8F988C0 /* Build configuration list for PBXProject "GuardApp" */;
			compatibilityVersion = "Xcode 14.0";
			developmentRegion = en;
			hasScannedForEncodings = 0;
			knownRegions = (
				Base,
				en,
			);
			mainGroup = DF2C7BBCDFBF667B8FA1E22D;
			minimizedProjectReferenceProxies = 1;
			packageReferences = (
				0B5FEDD3C80AEBFEDC8D28B9 /* XCRemoteSwiftPackageReference "amplify-swift" */,
				6595AF85F3A38C6CD8FD7A2F /* XCRemoteSwiftPackageReference "amplify-swift" */,
				D394BA00D691C1901E0D7974 /* XCRemoteSwiftPackageReference "amplify-swift" */,
				70A64633FED2000457A93DE0 /* XCRemoteSwiftPackageReference "amplify-swift" */,
			);
			preferredProjectObjectVersion = 77;
			projectDirPath = "";
			projectRoot = "";
			targets = (
				11437DB619E55C99B8B5DE1B /* GuardApp */,
				0AA36AA961F7C00A20AFD116 /* GuardAppTests */,
			);
		};
/* End PBXProject section */

/* Begin PBXResourcesBuildPhase section */
		EEF18EC79C3E42DB3A43AAA9 /* Resources */ = {
			isa = PBXResourcesBuildPhase;
			buildActionMask = 2147483647;
			files = (
				9AEA70FD96844E476BBDDFBE /* CustomResources.json in Resources */,
				C2215BDE413574E550E85271 /* CustomResources.json in Resources */,
				A28303B8761646AE3F6DDE64 /* README.md in Resources */,
				2318E31A7363E39542686C78 /* README.md in Resources */,
				8E5AE426D4D6E0D00C811717 /* README.md in Resources */,
				3AD0FFAB5BB1B48E1716CD36 /* amplify-dependent-resources-ref.d.ts in Resources */,
				30464673472E1BE72A73849D /* amplify-meta.json in Resources */,
				1EFEC51E14EAA576B638A78C /* amplify-meta.json in Resources */,
				E9667C36824BE5195B68A33C /* amplifyconfiguration.json in Resources */,
				113742A6802A22DD0E858F30 /* aws-exports.js in Resources */,
				DD667BC13D6748C381E6E6E1 /* backend-config.json in Resources */,
				F4D8A055C21E9978CC60AEA6 /* cli-inputs.json in Resources */,
				277E84E13A35FD4C5F6D5EEF /* cli-inputs.json in Resources */,
				F5E2B8190A04950482DA3655 /* cli.json in Resources */,
				AEA49AEB0CADE2F8313941F7 /* cloudformation-template.json in Resources */,
				F221A3E482D23F196938AB86 /* codegen.yml in Resources */,
				1865C3DF4938BFF9D0780413 /* guardapp799df51d-cloudformation-template.json in Resources */,
				B2305440D5B777FCB0742D83 /* local-aws-info.json in Resources */,
				390EB0A694BD1E1F35320015 /* local-env-info.json in Resources */,
				271AD8CEA9B0B8C41FA7696F /* parameters.json in Resources */,
				2A12BB53BC409F9E2ADC7B5F /* parameters.json in Resources */,
				DFF7C26E9B034F74143B4DAC /* parameters.json in Resources */,
				F26783391F271BE6533862CD /* post-push.sh.sample in Resources */,
				BEB5031CF1E3F89F8DEB0E4B /* pre-push.js.sample in Resources */,
				C498CB81E314CB116A8D5D9C /* project-config.json in Resources */,
				A5B1DA5ABB6DE1A8D474306C /* root-cloudformation-stack.json in Resources */,
				7C359531812CB6F452852C7D /* root-cloudformation-stack.json in Resources */,
				CDFF68B70D2D39E91167C5B3 /* schema.graphql in Resources */,
				E5CB7F1C491DA610342FAA1F /* schema.graphql in Resources */,
				69718584A358CD186611995B /* tags.json in Resources */,
				FE95B1DD27670A1F83390B47 /* tags.json in Resources */,
				3BB4B982A943C9DA8C187ABC /* team-provider-info.json in Resources */,
				F69F4698C57E74A3F58E1C84 /* transform.conf.json in Resources */,
			);
			runOnlyForDeploymentPostprocessing = 0;
		};
/* End PBXResourcesBuildPhase section */

/* Begin PBXSourcesBuildPhase section */
		4BFB6F228A0106503F1BC161 /* Sources */ = {
			isa = PBXSourcesBuildPhase;
			buildActionMask = 2147483647;
			files = (
				366A76ECF901D7A19F05F878 /* APIClient.swift in Sources */,
				24D8E13A474F183D024722C5 /* AdminTabView.swift in Sources */,
				07495EECDCBA9ACAAF5FF6A0 /* AmplifyModels.swift in Sources */,
				3F31B21AD09FAF60CB913D31 /* AppMain.swift in Sources */,
				34C273814DEA79E59F7B9688 /* AuthService.swift in Sources */,
				68255C261B1F0CEA847A46FE /* BusinessTabView.swift in Sources */,
				43A1E0DEFD90FEE1840B2416 /* DashboardView.swift in Sources */,
				6E9127E627D4FFF97AA27C5A /* Formatters.swift in Sources */,
				8518BEBF490FA6DAB6421B12 /* Idempotency.swift in Sources */,
				3FBC722A392B1A9FF5470D2D /* LoginView.swift in Sources */,
				90CDEC020F83F5A1B4FD8DCB /* Models.swift in Sources */,
				BEE004D68E79A68E4E92E2E8 /* Role.swift in Sources */,
				3B49E575064D07B1D54CE766 /* SessionStore.swift in Sources */,
				4EFF2C58E3BAC69FD2D3F0E1 /* Shift+Schema.swift in Sources */,
				FBCC23DB9FD6814321BC0B61 /* Shift.swift in Sources */,
				C3441E971FC446254A3C3FA7 /* ShiftService.swift in Sources */,
				7B08B69C9FAA627EE4FD2AA2 /* ShiftState.swift in Sources */,
				6944261F04FE8A8A6B1678CA /* User+Schema.swift in Sources */,
				01966601EC31BD375717515B /* User.swift in Sources */,
				F7F6E2670BFC196DCCD5045E /* WorkerTabView.swift in Sources */,
			);
			runOnlyForDeploymentPostprocessing = 0;
		};
		9C4F06196669CE891F8C266F /* Sources */ = {
			isa = PBXSourcesBuildPhase;
			buildActionMask = 2147483647;
			files = (
				EBF3BB627601962B845DDF34 /* GuardAppTests.swift in Sources */,
			);
			runOnlyForDeploymentPostprocessing = 0;
		};
/* End PBXSourcesBuildPhase section */

/* Begin PBXTargetDependency section */
		DEE0B56BC4B2CB5D089A7F34 /* PBXTargetDependency */ = {
			isa = PBXTargetDependency;
			target = 11437DB619E55C99B8B5DE1B /* GuardApp */;
			targetProxy = EF41D10001E1D94D16CF9273 /* PBXContainerItemProxy */;
		};
/* End PBXTargetDependency section */

/* Begin XCBuildConfiguration section */
		11AD1960616202F592DCE561 /* Staging */ = {
			isa = XCBuildConfiguration;
			buildSettings = {
				ALWAYS_SEARCH_USER_PATHS = NO;
				CLANG_ANALYZER_NONNULL = YES;
				CLANG_ANALYZER_NUMBER_OBJECT_CONVERSION = YES_AGGRESSIVE;
				CLANG_CXX_LANGUAGE_STANDARD = "gnu++14";
				CLANG_CXX_LIBRARY = "libc++";
				CLANG_ENABLE_MODULES = YES;
				CLANG_ENABLE_OBJC_ARC = YES;
				CLANG_ENABLE_OBJC_WEAK = YES;
				CLANG_WARN_BLOCK_CAPTURE_AUTORELEASING = YES;
				CLANG_WARN_BOOL_CONVERSION = YES;
				CLANG_WARN_COMMA = YES;
				CLANG_WARN_CONSTANT_CONVERSION = YES;
				CLANG_WARN_DEPRECATED_OBJC_IMPLEMENTATIONS = YES;
				CLANG_WARN_DIRECT_OBJC_ISA_USAGE = YES_ERROR;
				CLANG_WARN_DOCUMENTATION_COMMENTS = YES;
				CLANG_WARN_EMPTY_BODY = YES;
				CLANG_WARN_ENUM_CONVERSION = YES;
				CLANG_WARN_INFINITE_RECURSION = YES;
				CLANG_WARN_INT_CONVERSION = YES;
				CLANG_WARN_NON_LITERAL_NULL_CONVERSION = YES;
				CLANG_WARN_OBJC_IMPLICIT_RETAIN_SELF = YES;
				CLANG_WARN_OBJC_LITERAL_CONVERSION = YES;
				CLANG_WARN_OBJC_ROOT_CLASS = YES_ERROR;
				CLANG_WARN_QUOTED_INCLUDE_IN_FRAMEWORK_HEADER = YES;
				CLANG_WARN_RANGE_LOOP_ANALYSIS = YES;
				CLANG_WARN_STRICT_PROTOTYPES = YES;
				CLANG_WARN_SUSPICIOUS_MOVE = YES;
				CLANG_WARN_UNGUARDED_AVAILABILITY = YES_AGGRESSIVE;
				CLANG_WARN_UNREACHABLE_CODE = YES;
				CLANG_WARN__DUPLICATE_METHOD_MATCH = YES;
				CODE_SIGN_STYLE = Automatic;
				COPY_PHASE_STRIP = NO;
				CURRENT_PROJECT_VERSION = 1;
				DEBUG_INFORMATION_FORMAT = dwarf;
				ENABLE_STRICT_OBJC_MSGSEND = YES;
				ENABLE_TESTABILITY = YES;
				GCC_C_LANGUAGE_STANDARD = gnu11;
				GCC_DYNAMIC_NO_PIC = NO;
				GCC_NO_COMMON_BLOCKS = YES;
				GCC_OPTIMIZATION_LEVEL = 0;
				GCC_PREPROCESSOR_DEFINITIONS = (
					"$(inherited)",
					"DEBUG=1",
				);
				GCC_WARN_64_TO_32_BIT_CONVERSION = YES;
				GCC_WARN_ABOUT_RETURN_TYPE = YES_ERROR;
				GCC_WARN_UNDECLARED_SELECTOR = YES;
				GCC_WARN_UNINITIALIZED_AUTOS = YES_AGGRESSIVE;
				GCC_WARN_UNUSED_FUNCTION = YES;
				GCC_WARN_UNUSED_VARIABLE = YES;
				GENERATE_INFOPLIST_FILE = YES;
				IPHONEOS_DEPLOYMENT_TARGET = 16.0;
				MARKETING_VERSION = 0.1.0;
				MTL_ENABLE_DEBUG_INFO = INCLUDE_SOURCE;
				MTL_FAST_MATH = YES;
				ONLY_ACTIVE_ARCH = YES;
				PRODUCT_BUNDLE_IDENTIFIER = com.mummysboy.GuardApp;
				PRODUCT_NAME = "$(TARGET_NAME)";
				SDKROOT = iphoneos;
				SWIFT_ACTIVE_COMPILATION_CONDITIONS = DEBUG;
				SWIFT_OPTIMIZATION_LEVEL = "-Onone";
				SWIFT_VERSION = 5.1;
			};
			name = Staging;
		};
		424CE1DAE935C1ECCD18BC5A /* Staging */ = {
			isa = XCBuildConfiguration;
			buildSettings = {
				BUNDLE_LOADER = "$(TEST_HOST)";
				LD_RUNPATH_SEARCH_PATHS = (
					"$(inherited)",
					"@executable_path/Frameworks",
					"@loader_path/Frameworks",
				);
				SDKROOT = iphoneos;
				TARGETED_DEVICE_FAMILY = "1,2";
				TEST_HOST = "$(BUILT_PRODUCTS_DIR)/GuardApp.app/GuardApp";
			};
			name = Staging;
		};
		5D27EBCFB471042658C05EF6 /* Release */ = {
			isa = XCBuildConfiguration;
			buildSettings = {
				ASSETCATALOG_COMPILER_APPICON_NAME = AppIcon;
				CODE_SIGN_IDENTITY = "iPhone Developer";
				INFOPLIST_KEY_UIApplicationSceneManifest_Generation = YES;
				INFOPLIST_KEY_UISupportedInterfaceOrientations_iPhone = UIInterfaceOrientationPortrait;
				IPHONEOS_DEPLOYMENT_TARGET = 16.0;
				LD_RUNPATH_SEARCH_PATHS = (
					"$(inherited)",
					"@executable_path/Frameworks",
				);
				PRODUCT_BUNDLE_IDENTIFIER = com.mummysboy.GuardApp;
				SDKROOT = iphoneos;
				SUPPORTS_MAC_DESIGNED_FOR_IPHONE_IPAD = YES;
				SWIFT_SWIFT3_OBJC_INFERENCE = Default;
				TARGETED_DEVICE_FAMILY = "1,2";
			};
			name = Release;
		};
		79156E3514F57E0E333DCA00 /* Debug */ = {
			isa = XCBuildConfiguration;
			buildSettings = {
				ASSETCATALOG_COMPILER_APPICON_NAME = AppIcon;
				CODE_SIGN_IDENTITY = "iPhone Developer";
				GCC_PREPROCESSOR_DEFINITIONS = "DEBUG=1";
				INFOPLIST_KEY_UIApplicationSceneManifest_Generation = YES;
				INFOPLIST_KEY_UISupportedInterfaceOrientations_iPhone = UIInterfaceOrientationPortrait;
				IPHONEOS_DEPLOYMENT_TARGET = 16.0;
				LD_RUNPATH_SEARCH_PATHS = (
					"$(inherited)",
					"@executable_path/Frameworks",
				);
				PRODUCT_BUNDLE_IDENTIFIER = com.mummysboy.GuardApp.debug;
				SDKROOT = iphoneos;
				SUPPORTS_MAC_DESIGNED_FOR_IPHONE_IPAD = YES;
				SWIFT_ACTIVE_COMPILATION_CONDITIONS = DEBUG;
				SWIFT_SWIFT3_OBJC_INFERENCE = Default;
				TARGETED_DEVICE_FAMILY = "1,2";
			};
			name = Debug;
		};
		94EB09E41107AAB9A6F1BF73 /* Release */ = {
			isa = XCBuildConfiguration;
			buildSettings = {
				BUNDLE_LOADER = "$(TEST_HOST)";
				LD_RUNPATH_SEARCH_PATHS = (
					"$(inherited)",
					"@executable_path/Frameworks",
					"@loader_path/Frameworks",
				);
				SDKROOT = iphoneos;
				TARGETED_DEVICE_FAMILY = "1,2";
				TEST_HOST = "$(BUILT_PRODUCTS_DIR)/GuardApp.app/GuardApp";
			};
			name = Release;
		};
		9A53D5201D7375A58492F42A /* Release */ = {
			isa = XCBuildConfiguration;
			buildSettings = {
				ALWAYS_SEARCH_USER_PATHS = NO;
				CLANG_ANALYZER_NONNULL = YES;
				CLANG_ANALYZER_NUMBER_OBJECT_CONVERSION = YES_AGGRESSIVE;
				CLANG_CXX_LANGUAGE_STANDARD = "gnu++14";
				CLANG_CXX_LIBRARY = "libc++";
				CLANG_ENABLE_MODULES = YES;
				CLANG_ENABLE_OBJC_ARC = YES;
				CLANG_ENABLE_OBJC_WEAK = YES;
				CLANG_WARN_BLOCK_CAPTURE_AUTORELEASING = YES;
				CLANG_WARN_BOOL_CONVERSION = YES;
				CLANG_WARN_COMMA = YES;
				CLANG_WARN_CONSTANT_CONVERSION = YES;
				CLANG_WARN_DEPRECATED_OBJC_IMPLEMENTATIONS = YES;
				CLANG_WARN_DIRECT_OBJC_ISA_USAGE = YES_ERROR;
				CLANG_WARN_DOCUMENTATION_COMMENTS = YES;
				CLANG_WARN_EMPTY_BODY = YES;
				CLANG_WARN_ENUM_CONVERSION = YES;
				CLANG_WARN_INFINITE_RECURSION = YES;
				CLANG_WARN_INT_CONVERSION = YES;
				CLANG_WARN_NON_LITERAL_NULL_CONVERSION = YES;
				CLANG_WARN_OBJC_IMPLICIT_RETAIN_SELF = YES;
				CLANG_WARN_OBJC_LITERAL_CONVERSION = YES;
				CLANG_WARN_OBJC_ROOT_CLASS = YES_ERROR;
				CLANG_WARN_QUOTED_INCLUDE_IN_FRAMEWORK_HEADER = YES;
				CLANG_WARN_RANGE_LOOP_ANALYSIS = YES;
				CLANG_WARN_STRICT_PROTOTYPES = YES;
				CLANG_WARN_SUSPICIOUS_MOVE = YES;
				CLANG_WARN_UNGUARDED_AVAILABILITY = YES_AGGRESSIVE;
				CLANG_WARN_UNREACHABLE_CODE = YES;
				CLANG_WARN__DUPLICATE_METHOD_MATCH = YES;
				CODE_SIGN_STYLE = Automatic;
				COPY_PHASE_STRIP = NO;
				CURRENT_PROJECT_VERSION = 1;
				DEBUG_INFORMATION_FORMAT = "dwarf-with-dsym";
				ENABLE_NS_ASSERTIONS = NO;
				ENABLE_STRICT_OBJC_MSGSEND = YES;
				GCC_C_LANGUAGE_STANDARD = gnu11;
				GCC_NO_COMMON_BLOCKS = YES;
				GCC_WARN_64_TO_32_BIT_CONVERSION = YES;
				GCC_WARN_ABOUT_RETURN_TYPE = YES_ERROR;
				GCC_WARN_UNDECLARED_SELECTOR = YES;
				GCC_WARN_UNINITIALIZED_AUTOS = YES_AGGRESSIVE;
				GCC_WARN_UNUSED_FUNCTION = YES;
				GCC_WARN_UNUSED_VARIABLE = YES;
				GENERATE_INFOPLIST_FILE = YES;
				IPHONEOS_DEPLOYMENT_TARGET = 16.0;
				MARKETING_VERSION = 0.1.0;
				MTL_ENABLE_DEBUG_INFO = NO;
				MTL_FAST_MATH = YES;
				PRODUCT_BUNDLE_IDENTIFIER = com.mummysboy.GuardApp;
				PRODUCT_NAME = "$(TARGET_NAME)";
				SDKROOT = iphoneos;
				SWIFT_COMPILATION_MODE = wholemodule;
				SWIFT_OPTIMIZATION_LEVEL = "-O";
				SWIFT_VERSION = 5.1;
			};
			name = Release;
		};
		DDC8B1CD7CDA2B27EE0E0FC2 /* Staging */ = {
			isa = XCBuildConfiguration;
			buildSettings = {
				ASSETCATALOG_COMPILER_APPICON_NAME = AppIcon;
				CODE_SIGN_IDENTITY = "iPhone Developer";
				INFOPLIST_KEY_UIApplicationSceneManifest_Generation = YES;
				INFOPLIST_KEY_UISupportedInterfaceOrientations_iPhone = UIInterfaceOrientationPortrait;
				IPHONEOS_DEPLOYMENT_TARGET = 16.0;
				LD_RUNPATH_SEARCH_PATHS = (
					"$(inherited)",
					"@executable_path/Frameworks",
				);
				PRODUCT_BUNDLE_IDENTIFIER = com.mummysboy.GuardApp.staging;
				SDKROOT = iphoneos;
				SUPPORTS_MAC_DESIGNED_FOR_IPHONE_IPAD = YES;
				SWIFT_ACTIVE_COMPILATION_CONDITIONS = STAGING;
				SWIFT_SWIFT3_OBJC_INFERENCE = Default;
				TARGETED_DEVICE_FAMILY = "1,2";
			};
			name = Staging;
		};
		E8619627920EDBBE7414C270 /* Debug */ = {
			isa = XCBuildConfiguration;
			buildSettings = {
				ALWAYS_SEARCH_USER_PATHS = NO;
				CLANG_ANALYZER_NONNULL = YES;
				CLANG_ANALYZER_NUMBER_OBJECT_CONVERSION = YES_AGGRESSIVE;
				CLANG_CXX_LANGUAGE_STANDARD = "gnu++14";
				CLANG_CXX_LIBRARY = "libc++";
				CLANG_ENABLE_MODULES = YES;
				CLANG_ENABLE_OBJC_ARC = YES;
				CLANG_ENABLE_OBJC_WEAK = YES;
				CLANG_WARN_BLOCK_CAPTURE_AUTORELEASING = YES;
				CLANG_WARN_BOOL_CONVERSION = YES;
				CLANG_WARN_COMMA = YES;
				CLANG_WARN_CONSTANT_CONVERSION = YES;
				CLANG_WARN_DEPRECATED_OBJC_IMPLEMENTATIONS = YES;
				CLANG_WARN_DIRECT_OBJC_ISA_USAGE = YES_ERROR;
				CLANG_WARN_DOCUMENTATION_COMMENTS = YES;
				CLANG_WARN_EMPTY_BODY = YES;
				CLANG_WARN_ENUM_CONVERSION = YES;
				CLANG_WARN_INFINITE_RECURSION = YES;
				CLANG_WARN_INT_CONVERSION = YES;
				CLANG_WARN_NON_LITERAL_NULL_CONVERSION = YES;
				CLANG_WARN_OBJC_IMPLICIT_RETAIN_SELF = YES;
				CLANG_WARN_OBJC_LITERAL_CONVERSION = YES;
				CLANG_WARN_OBJC_ROOT_CLASS = YES_ERROR;
				CLANG_WARN_QUOTED_INCLUDE_IN_FRAMEWORK_HEADER = YES;
				CLANG_WARN_RANGE_LOOP_ANALYSIS = YES;
				CLANG_WARN_STRICT_PROTOTYPES = YES;
				CLANG_WARN_SUSPICIOUS_MOVE = YES;
				CLANG_WARN_UNGUARDED_AVAILABILITY = YES_AGGRESSIVE;
				CLANG_WARN_UNREACHABLE_CODE = YES;
				CLANG_WARN__DUPLICATE_METHOD_MATCH = YES;
				CODE_SIGN_STYLE = Automatic;
				COPY_PHASE_STRIP = NO;
				CURRENT_PROJECT_VERSION = 1;
				DEBUG_INFORMATION_FORMAT = dwarf;
				ENABLE_STRICT_OBJC_MSGSEND = YES;
				ENABLE_TESTABILITY = YES;
				GCC_C_LANGUAGE_STANDARD = gnu11;
				GCC_DYNAMIC_NO_PIC = NO;
				GCC_NO_COMMON_BLOCKS = YES;
				GCC_OPTIMIZATION_LEVEL = 0;
				GCC_PREPROCESSOR_DEFINITIONS = (
					"$(inherited)",
					"DEBUG=1",
				);
				GCC_WARN_64_TO_32_BIT_CONVERSION = YES;
				GCC_WARN_ABOUT_RETURN_TYPE = YES_ERROR;
				GCC_WARN_UNDECLARED_SELECTOR = YES;
				GCC_WARN_UNINITIALIZED_AUTOS = YES_AGGRESSIVE;
				GCC_WARN_UNUSED_FUNCTION = YES;
				GCC_WARN_UNUSED_VARIABLE = YES;
				GENERATE_INFOPLIST_FILE = YES;
				IPHONEOS_DEPLOYMENT_TARGET = 16.0;
				MARKETING_VERSION = 0.1.0;
				MTL_ENABLE_DEBUG_INFO = INCLUDE_SOURCE;
				MTL_FAST_MATH = YES;
				ONLY_ACTIVE_ARCH = YES;
				PRODUCT_BUNDLE_IDENTIFIER = com.mummysboy.GuardApp;
				PRODUCT_NAME = "$(TARGET_NAME)";
				SDKROOT = iphoneos;
				SWIFT_ACTIVE_COMPILATION_CONDITIONS = DEBUG;
				SWIFT_OPTIMIZATION_LEVEL = "-Onone";
				SWIFT_VERSION = 5.1;
			};
			name = Debug;
		};
		FC218623A0FEC305C68F06E4 /* Debug */ = {
			isa = XCBuildConfiguration;
			buildSettings = {
				BUNDLE_LOADER = "$(TEST_HOST)";
				LD_RUNPATH_SEARCH_PATHS = (
					"$(inherited)",
					"@executable_path/Frameworks",
					"@loader_path/Frameworks",
				);
				SDKROOT = iphoneos;
				TARGETED_DEVICE_FAMILY = "1,2";
				TEST_HOST = "$(BUILT_PRODUCTS_DIR)/GuardApp.app/GuardApp";
			};
			name = Debug;
		};
/* End XCBuildConfiguration section */

/* Begin XCConfigurationList section */
		C6A41D0607E7D031D1B0F664 /* Build configuration list for PBXNativeTarget "GuardApp" */ = {
			isa = XCConfigurationList;
			buildConfigurations = (
				79156E3514F57E0E333DCA00 /* Debug */,
				5D27EBCFB471042658C05EF6 /* Release */,
				DDC8B1CD7CDA2B27EE0E0FC2 /* Staging */,
			);
			defaultConfigurationIsVisible = 0;
			defaultConfigurationName = Debug;
		};
		ECC291C246469B40D8F988C0 /* Build configuration list for PBXProject "GuardApp" */ = {
			isa = XCConfigurationList;
			buildConfigurations = (
				E8619627920EDBBE7414C270 /* Debug */,
				9A53D5201D7375A58492F42A /* Release */,
				11AD1960616202F592DCE561 /* Staging */,
			);
			defaultConfigurationIsVisible = 0;
			defaultConfigurationName = Debug;
		};
		F8748E55626F0A5F4003FCE8 /* Build configuration list for PBXNativeTarget "GuardAppTests" */ = {
			isa = XCConfigurationList;
			buildConfigurations = (
				FC218623A0FEC305C68F06E4 /* Debug */,
				94EB09E41107AAB9A6F1BF73 /* Release */,
				424CE1DAE935C1ECCD18BC5A /* Staging */,
			);
			defaultConfigurationIsVisible = 0;
			defaultConfigurationName = Debug;
		};
/* End XCConfigurationList section */

/* Begin XCRemoteSwiftPackageReference section */
		0B5FEDD3C80AEBFEDC8D28B9 /* XCRemoteSwiftPackageReference "amplify-swift" */ = {
			isa = XCRemoteSwiftPackageReference;
			repositoryURL = "https://github.com/aws-amplify/amplify-swift";
			requirement = {
				kind = upToNextMajorVersion;
				minimumVersion = 1.0.0;
			};
		};
		6595AF85F3A38C6CD8FD7A2F /* XCRemoteSwiftPackageReference "amplify-swift" */ = {
			isa = XCRemoteSwiftPackageReference;
			repositoryURL = "https://github.com/aws-amplify/amplify-swift";
			requirement = {
				kind = upToNextMajorVersion;
				minimumVersion = 1.0.0;
			};
		};
		70A64633FED2000457A93DE0 /* XCRemoteSwiftPackageReference "amplify-swift" */ = {
			isa = XCRemoteSwiftPackageReference;
			repositoryURL = "https://github.com/aws-amplify/amplify-swift";
			requirement = {
				kind = upToNextMajorVersion;
				minimumVersion = 1.0.0;
			};
		};
		D394BA00D691C1901E0D7974 /* XCRemoteSwiftPackageReference "amplify-swift" */ = {
			isa = XCRemoteSwiftPackageReference;
			repositoryURL = "https://github.com/aws-amplify/amplify-swift";
			requirement = {
				kind = upToNextMajorVersion;
				minimumVersion = 1.0.0;
			};
		};
/* End XCRemoteSwiftPackageReference section */

/* Begin XCSwiftPackageProductDependency section */
		549D380BDEA2E64182C3DB3E /* Amplify */ = {
			isa = XCSwiftPackageProductDependency;
			package = 70A64633FED2000457A93DE0 /* XCRemoteSwiftPackageReference "amplify-swift" */;
			productName = Amplify;
		};
		7478EDA993BA34863A02D15F /* AWSDataStorePlugin */ = {
			isa = XCSwiftPackageProductDependency;
			package = D394BA00D691C1901E0D7974 /* XCRemoteSwiftPackageReference "amplify-swift" */;
			productName = AWSDataStorePlugin;
		};
		B38CBD1970A3CEFB5D934B9B /* AWSAPIPlugin */ = {
			isa = XCSwiftPackageProductDependency;
			package = 0B5FEDD3C80AEBFEDC8D28B9 /* XCRemoteSwiftPackageReference "amplify-swift" */;
			productName = AWSAPIPlugin;
		};
		FF55800D5667D1D349D4806E /* AWSCognitoAuthPlugin */ = {
			isa = XCSwiftPackageProductDependency;
			package = 6595AF85F3A38C6CD8FD7A2F /* XCRemoteSwiftPackageReference "amplify-swift" */;
			productName = AWSCognitoAuthPlugin;
		};
/* End XCSwiftPackageProductDependency section */
	};
	rootObject = 2357BA778C18A77E20809B4B /* Project object */;
}
